// !$*UTF8*$!
{
	archiveVersion = 1;
	classes = {
	};
	objectVersion = 46;
	objects = {

/* Begin PBXBuildFile section */
		07203A0E1AF1CE460056A74B /* NetbarTabViewController.m in Sources */ = {isa = PBXBuildFile; fileRef = 07203A0C1AF1CE460056A74B /* NetbarTabViewController.m */; };
		07203A0F1AF1CE460056A74B /* NetbarTabViewController.xib in Resources */ = {isa = PBXBuildFile; fileRef = 07203A0D1AF1CE460056A74B /* NetbarTabViewController.xib */; };
		07203A141AF1D63B0056A74B /* NetbarTabCell.m in Sources */ = {isa = PBXBuildFile; fileRef = 07203A121AF1D63B0056A74B /* NetbarTabCell.m */; };
		07203A151AF1D63B0056A74B /* NetbarTabCell.xib in Resources */ = {isa = PBXBuildFile; fileRef = 07203A131AF1D63B0056A74B /* NetbarTabCell.xib */; };
		07203A171AF1F7710056A74B /* CoreText.framework in Frameworks */ = {isa = PBXBuildFile; fileRef = 07203A161AF1F7710056A74B /* CoreText.framework */; };
		07203A1A1AF1FE8C0056A74B /* dqw3.otf in Resources */ = {isa = PBXBuildFile; fileRef = 07203A191AF1FE8C0056A74B /* dqw3.otf */; };
		073DBCE21AE7492A009B49EB /* main.m in Sources */ = {isa = PBXBuildFile; fileRef = 073DBCE11AE7492A009B49EB /* main.m */; };
		073DBCE51AE7492A009B49EB /* AppDelegate.m in Sources */ = {isa = PBXBuildFile; fileRef = 073DBCE41AE7492A009B49EB /* AppDelegate.m */; };
		073DBCE81AE7492A009B49EB /* ViewController.m in Sources */ = {isa = PBXBuildFile; fileRef = 073DBCE71AE7492A009B49EB /* ViewController.m */; };
		073DBCEB1AE7492A009B49EB /* Main.storyboard in Resources */ = {isa = PBXBuildFile; fileRef = 073DBCE91AE7492A009B49EB /* Main.storyboard */; };
		073DBCED1AE7492A009B49EB /* Images.xcassets in Resources */ = {isa = PBXBuildFile; fileRef = 073DBCEC1AE7492A009B49EB /* Images.xcassets */; };
		073DBCF01AE7492A009B49EB /* LaunchScreen.xib in Resources */ = {isa = PBXBuildFile; fileRef = 073DBCEE1AE7492A009B49EB /* LaunchScreen.xib */; };
		073DBCFC1AE7492A009B49EB /* WangYuTests.m in Sources */ = {isa = PBXBuildFile; fileRef = 073DBCFB1AE7492A009B49EB /* WangYuTests.m */; };
		073DBD421AE7712F009B49EB /* MKAnnotationView+WebCache.m in Sources */ = {isa = PBXBuildFile; fileRef = 073DBD1A1AE7712F009B49EB /* MKAnnotationView+WebCache.m */; };
		073DBD431AE7712F009B49EB /* NSData+GIF.m in Sources */ = {isa = PBXBuildFile; fileRef = 073DBD1C1AE7712F009B49EB /* NSData+GIF.m */; };
		073DBD441AE7712F009B49EB /* NSData+ImageContentType.m in Sources */ = {isa = PBXBuildFile; fileRef = 073DBD1E1AE7712F009B49EB /* NSData+ImageContentType.m */; };
		073DBD451AE7712F009B49EB /* SDImageCache.m in Sources */ = {isa = PBXBuildFile; fileRef = 073DBD201AE7712F009B49EB /* SDImageCache.m */; };
		073DBD461AE7712F009B49EB /* SDWebImageCompat.m in Sources */ = {isa = PBXBuildFile; fileRef = 073DBD221AE7712F009B49EB /* SDWebImageCompat.m */; };
		073DBD471AE7712F009B49EB /* SDWebImageDecoder.m in Sources */ = {isa = PBXBuildFile; fileRef = 073DBD241AE7712F009B49EB /* SDWebImageDecoder.m */; };
		073DBD481AE7712F009B49EB /* SDWebImageDownloader.m in Sources */ = {isa = PBXBuildFile; fileRef = 073DBD261AE7712F009B49EB /* SDWebImageDownloader.m */; };
		073DBD491AE7712F009B49EB /* SDWebImageDownloaderOperation.m in Sources */ = {isa = PBXBuildFile; fileRef = 073DBD281AE7712F009B49EB /* SDWebImageDownloaderOperation.m */; };
		073DBD4A1AE7712F009B49EB /* SDWebImageManager.m in Sources */ = {isa = PBXBuildFile; fileRef = 073DBD2A1AE7712F009B49EB /* SDWebImageManager.m */; };
		073DBD4B1AE7712F009B49EB /* SDWebImagePrefetcher.m in Sources */ = {isa = PBXBuildFile; fileRef = 073DBD2D1AE7712F009B49EB /* SDWebImagePrefetcher.m */; };
		073DBD4C1AE7712F009B49EB /* UIButton+WebCache.m in Sources */ = {isa = PBXBuildFile; fileRef = 073DBD2F1AE7712F009B49EB /* UIButton+WebCache.m */; };
		073DBD4D1AE7712F009B49EB /* UIImage+GIF.m in Sources */ = {isa = PBXBuildFile; fileRef = 073DBD311AE7712F009B49EB /* UIImage+GIF.m */; };
		073DBD4E1AE7712F009B49EB /* UIImage+MultiFormat.m in Sources */ = {isa = PBXBuildFile; fileRef = 073DBD331AE7712F009B49EB /* UIImage+MultiFormat.m */; };
		073DBD4F1AE7712F009B49EB /* UIImage+WebP.m in Sources */ = {isa = PBXBuildFile; fileRef = 073DBD351AE7712F009B49EB /* UIImage+WebP.m */; };
		073DBD501AE7712F009B49EB /* UIImageView+HighlightedWebCache.m in Sources */ = {isa = PBXBuildFile; fileRef = 073DBD371AE7712F009B49EB /* UIImageView+HighlightedWebCache.m */; };
		073DBD511AE7712F009B49EB /* UIImageView+WebCache.m in Sources */ = {isa = PBXBuildFile; fileRef = 073DBD391AE7712F009B49EB /* UIImageView+WebCache.m */; };
		073DBD521AE7712F009B49EB /* UIView+WebCacheOperation.m in Sources */ = {isa = PBXBuildFile; fileRef = 073DBD3B1AE7712F009B49EB /* UIView+WebCacheOperation.m */; };
		073DBD611AE7717D009B49EB /* NSDictionary+ObjectForKey.m in Sources */ = {isa = PBXBuildFile; fileRef = 073DBD561AE7717D009B49EB /* NSDictionary+ObjectForKey.m */; };
		073DBD631AE7717D009B49EB /* PathHelper.m in Sources */ = {isa = PBXBuildFile; fileRef = 073DBD5A1AE7717D009B49EB /* PathHelper.m */; };
		073DBD641AE7717D009B49EB /* UIColor+bit.m in Sources */ = {isa = PBXBuildFile; fileRef = 073DBD5C1AE7717D009B49EB /* UIColor+bit.m */; };
		073DBD651AE7717D009B49EB /* UIImage+ProportionalFill.m in Sources */ = {isa = PBXBuildFile; fileRef = 073DBD5E1AE7717D009B49EB /* UIImage+ProportionalFill.m */; };
		073DBD661AE7717D009B49EB /* URLHelper.m in Sources */ = {isa = PBXBuildFile; fileRef = 073DBD601AE7717D009B49EB /* URLHelper.m */; settings = {COMPILER_FLAGS = "-fno-objc-arc"; }; };
		073DBD6D1AE771AC009B49EB /* JSONKit.m in Sources */ = {isa = PBXBuildFile; fileRef = 073DBD6A1AE771AC009B49EB /* JSONKit.m */; settings = {COMPILER_FLAGS = "-fno-objc-arc"; }; };
		073DBD711AE77211009B49EB /* HotUpButton.m in Sources */ = {isa = PBXBuildFile; fileRef = 073DBD701AE77211009B49EB /* HotUpButton.m */; };
		073DBD741AE778CF009B49EB /* WYUserInfo.m in Sources */ = {isa = PBXBuildFile; fileRef = 073DBD731AE778CF009B49EB /* WYUserInfo.m */; };
		073DBD771AE77929009B49EB /* WYEngine.m in Sources */ = {isa = PBXBuildFile; fileRef = 073DBD761AE77929009B49EB /* WYEngine.m */; };
		073DBD7C1AE779C4009B49EB /* SuperMainViewController.m in Sources */ = {isa = PBXBuildFile; fileRef = 073DBD7B1AE779C4009B49EB /* SuperMainViewController.m */; };
		073DBD801AE77A3C009B49EB /* MineTabViewController.m in Sources */ = {isa = PBXBuildFile; fileRef = 073DBD7E1AE77A3C009B49EB /* MineTabViewController.m */; };
		073DBD811AE77A3C009B49EB /* MineTabViewController.xib in Resources */ = {isa = PBXBuildFile; fileRef = 073DBD7F1AE77A3C009B49EB /* MineTabViewController.xib */; };
		073DBDA91AE7939C009B49EB /* WYCommonUtils.m in Sources */ = {isa = PBXBuildFile; fileRef = 073DBDA81AE7939C009B49EB /* WYCommonUtils.m */; };
		073DBDAC1AE79457009B49EB /* WYUIUtils.m in Sources */ = {isa = PBXBuildFile; fileRef = 073DBDAB1AE79457009B49EB /* WYUIUtils.m */; };
		073DBDB41AE794C4009B49EB /* arrow.png in Resources */ = {isa = PBXBuildFile; fileRef = 073DBDAE1AE794C4009B49EB /* arrow.png */; };
		073DBDB51AE794C4009B49EB /* arrow@2x.png in Resources */ = {isa = PBXBuildFile; fileRef = 073DBDAF1AE794C4009B49EB /* arrow@2x.png */; };
		073DBDB71AE794C4009B49EB /* PullToRefreshView.m in Sources */ = {isa = PBXBuildFile; fileRef = 073DBDB21AE794C4009B49EB /* PullToRefreshView.m */; };
		073DBDD61AE79F1D009B49EB /* libsqlite3.0.dylib in Frameworks */ = {isa = PBXBuildFile; fileRef = 073DBDD51AE79F1D009B49EB /* libsqlite3.0.dylib */; };
		073DBDD81AE79F37009B49EB /* libz.dylib in Frameworks */ = {isa = PBXBuildFile; fileRef = 073DBDD71AE79F37009B49EB /* libz.dylib */; };
		073DBDDA1AE79F4A009B49EB /* libstdc++.6.0.9.dylib in Frameworks */ = {isa = PBXBuildFile; fileRef = 073DBDD91AE79F4A009B49EB /* libstdc++.6.0.9.dylib */; };
		073DBDDC1AE79F56009B49EB /* libiconv.dylib in Frameworks */ = {isa = PBXBuildFile; fileRef = 073DBDDB1AE79F56009B49EB /* libiconv.dylib */; };
		073DBDDE1AE79F60009B49EB /* Security.framework in Frameworks */ = {isa = PBXBuildFile; fileRef = 073DBDDD1AE79F60009B49EB /* Security.framework */; };
		073DBDE01AE79F6F009B49EB /* CoreGraphics.framework in Frameworks */ = {isa = PBXBuildFile; fileRef = 073DBDDF1AE79F6F009B49EB /* CoreGraphics.framework */; };
		073DBDE21AE79F79009B49EB /* CoreTelephony.framework in Frameworks */ = {isa = PBXBuildFile; fileRef = 073DBDE11AE79F79009B49EB /* CoreTelephony.framework */; };
		073DBDE41AE79F8B009B49EB /* SystemConfiguration.framework in Frameworks */ = {isa = PBXBuildFile; fileRef = 073DBDE31AE79F8B009B49EB /* SystemConfiguration.framework */; };
		073DBDE61AE79F93009B49EB /* AssetsLibrary.framework in Frameworks */ = {isa = PBXBuildFile; fileRef = 073DBDE51AE79F93009B49EB /* AssetsLibrary.framework */; };
		073DBDEA1AE7A023009B49EB /* UIKit.framework in Frameworks */ = {isa = PBXBuildFile; fileRef = 073DBDE91AE7A023009B49EB /* UIKit.framework */; };
		073DBDF51AE7A1B0009B49EB /* UIImage+Alpha.m in Sources */ = {isa = PBXBuildFile; fileRef = 073DBDEE1AE7A1B0009B49EB /* UIImage+Alpha.m */; };
		073DBDF61AE7A1B0009B49EB /* UIImage+Resize.m in Sources */ = {isa = PBXBuildFile; fileRef = 073DBDF01AE7A1B0009B49EB /* UIImage+Resize.m */; };
		073DBDF71AE7A1B0009B49EB /* UIImage+RoundedCorner.m in Sources */ = {isa = PBXBuildFile; fileRef = 073DBDF21AE7A1B0009B49EB /* UIImage+RoundedCorner.m */; };
		073DBDF81AE7A1B0009B49EB /* UIImageExtras.m in Sources */ = {isa = PBXBuildFile; fileRef = 073DBDF41AE7A1B0009B49EB /* UIImageExtras.m */; };
		078EDBD71AEF1EF800E93EE8 /* ASIAuthenticationDialog.m in Sources */ = {isa = PBXBuildFile; fileRef = 078EDBC21AEF1EF800E93EE8 /* ASIAuthenticationDialog.m */; settings = {COMPILER_FLAGS = "-fno-objc-arc"; }; };
		078EDBD81AEF1EF800E93EE8 /* ASIDataCompressor.m in Sources */ = {isa = PBXBuildFile; fileRef = 078EDBC51AEF1EF800E93EE8 /* ASIDataCompressor.m */; settings = {COMPILER_FLAGS = "-fno-objc-arc"; }; };
		078EDBD91AEF1EF800E93EE8 /* ASIDataDecompressor.m in Sources */ = {isa = PBXBuildFile; fileRef = 078EDBC71AEF1EF800E93EE8 /* ASIDataDecompressor.m */; settings = {COMPILER_FLAGS = "-fno-objc-arc"; }; };
		078EDBDA1AEF1EF800E93EE8 /* ASIDownloadCache.m in Sources */ = {isa = PBXBuildFile; fileRef = 078EDBC91AEF1EF800E93EE8 /* ASIDownloadCache.m */; settings = {COMPILER_FLAGS = "-fno-objc-arc"; }; };
		078EDBDB1AEF1EF800E93EE8 /* ASIFormDataRequest.m in Sources */ = {isa = PBXBuildFile; fileRef = 078EDBCB1AEF1EF800E93EE8 /* ASIFormDataRequest.m */; settings = {COMPILER_FLAGS = "-fno-objc-arc"; }; };
		078EDBDC1AEF1EF800E93EE8 /* ASIHTTPRequest.m in Sources */ = {isa = PBXBuildFile; fileRef = 078EDBCD1AEF1EF800E93EE8 /* ASIHTTPRequest.m */; settings = {COMPILER_FLAGS = "-fno-objc-arc"; }; };
		078EDBDD1AEF1EF800E93EE8 /* ASIInputStream.m in Sources */ = {isa = PBXBuildFile; fileRef = 078EDBD11AEF1EF800E93EE8 /* ASIInputStream.m */; settings = {COMPILER_FLAGS = "-fno-objc-arc"; }; };
		078EDBDE1AEF1EF800E93EE8 /* ASINetworkQueue.m in Sources */ = {isa = PBXBuildFile; fileRef = 078EDBD31AEF1EF800E93EE8 /* ASINetworkQueue.m */; settings = {COMPILER_FLAGS = "-fno-objc-arc"; }; };
		078EDBDF1AEF1EF800E93EE8 /* LSReachability.m in Sources */ = {isa = PBXBuildFile; fileRef = 078EDBD61AEF1EF800E93EE8 /* LSReachability.m */; settings = {COMPILER_FLAGS = "-fno-objc-arc"; }; };
		0790493E1AE9DF3000E46795 /* WYOAuthStore.m in Sources */ = {isa = PBXBuildFile; fileRef = 0790493D1AE9DF3000E46795 /* WYOAuthStore.m */; };
		079049411AE9DF5A00E46795 /* WYOAuthService.m in Sources */ = {isa = PBXBuildFile; fileRef = 079049401AE9DF5A00E46795 /* WYOAuthService.m */; };
		079049461AEA15EB00E46795 /* WYQuery.m in Sources */ = {isa = PBXBuildFile; fileRef = 079049451AEA15EB00E46795 /* WYQuery.m */; };
		0790494A1AEA226B00E46795 /* NSData+Base64.m in Sources */ = {isa = PBXBuildFile; fileRef = 079049491AEA226B00E46795 /* NSData+Base64.m */; settings = {COMPILER_FLAGS = "-fno-objc-arc"; }; };
		0790494D1AEA236100E46795 /* WYService.m in Sources */ = {isa = PBXBuildFile; fileRef = 0790494C1AEA236100E46795 /* WYService.m */; };
		079049501AEA28E100E46795 /* WYHttpRequest.m in Sources */ = {isa = PBXBuildFile; fileRef = 0790494F1AEA28E100E46795 /* WYHttpRequest.m */; };
		0791AB051AE8889D0009A5A7 /* WYTabBarViewController.m in Sources */ = {isa = PBXBuildFile; fileRef = 0791AB041AE8889D0009A5A7 /* WYTabBarViewController.m */; };
		0791AB091AE88AB10009A5A7 /* WYTabBarItemView.m in Sources */ = {isa = PBXBuildFile; fileRef = 0791AB071AE88AB10009A5A7 /* WYTabBarItemView.m */; };
		0791AB0A1AE88AB10009A5A7 /* WYTabBarItemView.xib in Resources */ = {isa = PBXBuildFile; fileRef = 0791AB081AE88AB10009A5A7 /* WYTabBarItemView.xib */; };
		0791AB0E1AE897EA0009A5A7 /* WYTabBarView.m in Sources */ = {isa = PBXBuildFile; fileRef = 0791AB0C1AE897EA0009A5A7 /* WYTabBarView.m */; };
		0791AB0F1AE897EA0009A5A7 /* WYTabBarView.xib in Resources */ = {isa = PBXBuildFile; fileRef = 0791AB0D1AE897EA0009A5A7 /* WYTabBarView.xib */; };
		0791AB121AE898550009A5A7 /* WYCommonVcTransition.m in Sources */ = {isa = PBXBuildFile; fileRef = 0791AB111AE898550009A5A7 /* WYCommonVcTransition.m */; };
		0791AB151AE898DA0009A5A7 /* WYNavigationController.m in Sources */ = {isa = PBXBuildFile; fileRef = 0791AB141AE898DA0009A5A7 /* WYNavigationController.m */; };
		0791AB181AE8994A0009A5A7 /* WYBaseSuperViewController.m in Sources */ = {isa = PBXBuildFile; fileRef = 0791AB171AE8994A0009A5A7 /* WYBaseSuperViewController.m */; };
		0791AB1E1AE899D10009A5A7 /* WYSuperViewController.m in Sources */ = {isa = PBXBuildFile; fileRef = 0791AB1A1AE899D10009A5A7 /* WYSuperViewController.m */; };
		0791AB1F1AE899D10009A5A7 /* WYTitleNavBarView.m in Sources */ = {isa = PBXBuildFile; fileRef = 0791AB1C1AE899D10009A5A7 /* WYTitleNavBarView.m */; };
		0791AB201AE899D10009A5A7 /* WYTitleNavBarView.xib in Resources */ = {isa = PBXBuildFile; fileRef = 0791AB1D1AE899D10009A5A7 /* WYTitleNavBarView.xib */; };
		0791AB2D1AE89B960009A5A7 /* WYActionSheet.m in Sources */ = {isa = PBXBuildFile; fileRef = 0791AB291AE89B960009A5A7 /* WYActionSheet.m */; };
		0791AB2E1AE89B960009A5A7 /* WYAlertView.m in Sources */ = {isa = PBXBuildFile; fileRef = 0791AB2C1AE89B960009A5A7 /* WYAlertView.m */; };
		0791AB331AE8B7DD0009A5A7 /* AboutViewController.m in Sources */ = {isa = PBXBuildFile; fileRef = 0791AB311AE8B7DD0009A5A7 /* AboutViewController.m */; };
		0791AB341AE8B7DD0009A5A7 /* AboutViewController.xib in Resources */ = {isa = PBXBuildFile; fileRef = 0791AB321AE8B7DD0009A5A7 /* AboutViewController.xib */; };
		0791AB381AE8CF4C0009A5A7 /* EGOCache.m in Sources */ = {isa = PBXBuildFile; fileRef = 0791AB371AE8CF4C0009A5A7 /* EGOCache.m */; };
		0791AB3B1AE8D8600009A5A7 /* WYSettingConfig.m in Sources */ = {isa = PBXBuildFile; fileRef = 0791AB3A1AE8D8600009A5A7 /* WYSettingConfig.m */; };
		0791AB551AE8DE260009A5A7 /* AFHTTPRequestOperation.m in Sources */ = {isa = PBXBuildFile; fileRef = 0791AB3E1AE8DE260009A5A7 /* AFHTTPRequestOperation.m */; };
		0791AB561AE8DE260009A5A7 /* AFHTTPRequestOperationManager.m in Sources */ = {isa = PBXBuildFile; fileRef = 0791AB401AE8DE260009A5A7 /* AFHTTPRequestOperationManager.m */; };
		0791AB571AE8DE260009A5A7 /* AFHTTPSessionManager.m in Sources */ = {isa = PBXBuildFile; fileRef = 0791AB421AE8DE260009A5A7 /* AFHTTPSessionManager.m */; };
		0791AB581AE8DE260009A5A7 /* AFNetworkReachabilityManager.m in Sources */ = {isa = PBXBuildFile; fileRef = 0791AB451AE8DE260009A5A7 /* AFNetworkReachabilityManager.m */; };
		0791AB591AE8DE260009A5A7 /* AFSecurityPolicy.m in Sources */ = {isa = PBXBuildFile; fileRef = 0791AB471AE8DE260009A5A7 /* AFSecurityPolicy.m */; };
		0791AB5A1AE8DE260009A5A7 /* AFURLConnectionOperation.m in Sources */ = {isa = PBXBuildFile; fileRef = 0791AB491AE8DE260009A5A7 /* AFURLConnectionOperation.m */; };
		0791AB5B1AE8DE260009A5A7 /* AFURLRequestSerialization.m in Sources */ = {isa = PBXBuildFile; fileRef = 0791AB4B1AE8DE260009A5A7 /* AFURLRequestSerialization.m */; };
		0791AB5C1AE8DE260009A5A7 /* AFURLResponseSerialization.m in Sources */ = {isa = PBXBuildFile; fileRef = 0791AB4D1AE8DE260009A5A7 /* AFURLResponseSerialization.m */; };
		0791AB5D1AE8DE260009A5A7 /* AFURLSessionManager.m in Sources */ = {isa = PBXBuildFile; fileRef = 0791AB4F1AE8DE260009A5A7 /* AFURLSessionManager.m */; };
		0791AB5E1AE8DE260009A5A7 /* QHQnetworkingTool.m in Sources */ = {isa = PBXBuildFile; fileRef = 0791AB521AE8DE260009A5A7 /* QHQnetworkingTool.m */; };
		0791AB5F1AE8DE260009A5A7 /* UIImage+HQ.m in Sources */ = {isa = PBXBuildFile; fileRef = 0791AB541AE8DE260009A5A7 /* UIImage+HQ.m */; };
/* End PBXBuildFile section */

/* Begin PBXContainerItemProxy section */
		073DBCF61AE7492A009B49EB /* PBXContainerItemProxy */ = {
			isa = PBXContainerItemProxy;
			containerPortal = 073DBCD41AE7492A009B49EB /* Project object */;
			proxyType = 1;
			remoteGlobalIDString = 073DBCDB1AE7492A009B49EB;
			remoteInfo = WangYu;
		};
/* End PBXContainerItemProxy section */

/* Begin PBXFileReference section */
		07203A0B1AF1CE460056A74B /* NetbarTabViewController.h */ = {isa = PBXFileReference; fileEncoding = 4; lastKnownFileType = sourcecode.c.h; path = NetbarTabViewController.h; sourceTree = "<group>"; };
		07203A0C1AF1CE460056A74B /* NetbarTabViewController.m */ = {isa = PBXFileReference; fileEncoding = 4; lastKnownFileType = sourcecode.c.objc; path = NetbarTabViewController.m; sourceTree = "<group>"; };
		07203A0D1AF1CE460056A74B /* NetbarTabViewController.xib */ = {isa = PBXFileReference; fileEncoding = 4; lastKnownFileType = file.xib; path = NetbarTabViewController.xib; sourceTree = "<group>"; };
		07203A111AF1D63B0056A74B /* NetbarTabCell.h */ = {isa = PBXFileReference; fileEncoding = 4; lastKnownFileType = sourcecode.c.h; name = NetbarTabCell.h; path = Main/NetbarTabCell.h; sourceTree = "<group>"; };
		07203A121AF1D63B0056A74B /* NetbarTabCell.m */ = {isa = PBXFileReference; fileEncoding = 4; lastKnownFileType = sourcecode.c.objc; name = NetbarTabCell.m; path = Main/NetbarTabCell.m; sourceTree = "<group>"; };
		07203A131AF1D63B0056A74B /* NetbarTabCell.xib */ = {isa = PBXFileReference; fileEncoding = 4; lastKnownFileType = file.xib; name = NetbarTabCell.xib; path = Main/NetbarTabCell.xib; sourceTree = "<group>"; };
		07203A161AF1F7710056A74B /* CoreText.framework */ = {isa = PBXFileReference; lastKnownFileType = wrapper.framework; name = CoreText.framework; path = System/Library/Frameworks/CoreText.framework; sourceTree = SDKROOT; };
		07203A191AF1FE8C0056A74B /* dqw3.otf */ = {isa = PBXFileReference; lastKnownFileType = file; name = dqw3.otf; path = Assets/dqw3.otf; sourceTree = "<group>"; };
		073DBCDC1AE7492A009B49EB /* WangYu.app */ = {isa = PBXFileReference; explicitFileType = wrapper.application; includeInIndex = 0; path = WangYu.app; sourceTree = BUILT_PRODUCTS_DIR; };
		073DBCE01AE7492A009B49EB /* Info.plist */ = {isa = PBXFileReference; lastKnownFileType = text.plist.xml; path = Info.plist; sourceTree = "<group>"; };
		073DBCE11AE7492A009B49EB /* main.m */ = {isa = PBXFileReference; lastKnownFileType = sourcecode.c.objc; path = main.m; sourceTree = "<group>"; };
		073DBCE31AE7492A009B49EB /* AppDelegate.h */ = {isa = PBXFileReference; lastKnownFileType = sourcecode.c.h; path = AppDelegate.h; sourceTree = "<group>"; };
		073DBCE41AE7492A009B49EB /* AppDelegate.m */ = {isa = PBXFileReference; lastKnownFileType = sourcecode.c.objc; path = AppDelegate.m; sourceTree = "<group>"; };
		073DBCE61AE7492A009B49EB /* ViewController.h */ = {isa = PBXFileReference; lastKnownFileType = sourcecode.c.h; path = ViewController.h; sourceTree = "<group>"; };
		073DBCE71AE7492A009B49EB /* ViewController.m */ = {isa = PBXFileReference; lastKnownFileType = sourcecode.c.objc; path = ViewController.m; sourceTree = "<group>"; };
		073DBCEA1AE7492A009B49EB /* Base */ = {isa = PBXFileReference; lastKnownFileType = file.storyboard; name = Base; path = Base.lproj/Main.storyboard; sourceTree = "<group>"; };
		073DBCEC1AE7492A009B49EB /* Images.xcassets */ = {isa = PBXFileReference; lastKnownFileType = folder.assetcatalog; path = Images.xcassets; sourceTree = "<group>"; };
		073DBCEF1AE7492A009B49EB /* Base */ = {isa = PBXFileReference; lastKnownFileType = file.xib; name = Base; path = Base.lproj/LaunchScreen.xib; sourceTree = "<group>"; };
		073DBCF51AE7492A009B49EB /* WangYuTests.xctest */ = {isa = PBXFileReference; explicitFileType = wrapper.cfbundle; includeInIndex = 0; path = WangYuTests.xctest; sourceTree = BUILT_PRODUCTS_DIR; };
		073DBCFA1AE7492A009B49EB /* Info.plist */ = {isa = PBXFileReference; lastKnownFileType = text.plist.xml; path = Info.plist; sourceTree = "<group>"; };
		073DBCFB1AE7492A009B49EB /* WangYuTests.m */ = {isa = PBXFileReference; lastKnownFileType = sourcecode.c.objc; path = WangYuTests.m; sourceTree = "<group>"; };
		073DBD191AE7712F009B49EB /* MKAnnotationView+WebCache.h */ = {isa = PBXFileReference; fileEncoding = 4; lastKnownFileType = sourcecode.c.h; path = "MKAnnotationView+WebCache.h"; sourceTree = "<group>"; };
		073DBD1A1AE7712F009B49EB /* MKAnnotationView+WebCache.m */ = {isa = PBXFileReference; fileEncoding = 4; lastKnownFileType = sourcecode.c.objc; path = "MKAnnotationView+WebCache.m"; sourceTree = "<group>"; };
		073DBD1B1AE7712F009B49EB /* NSData+GIF.h */ = {isa = PBXFileReference; fileEncoding = 4; lastKnownFileType = sourcecode.c.h; path = "NSData+GIF.h"; sourceTree = "<group>"; };
		073DBD1C1AE7712F009B49EB /* NSData+GIF.m */ = {isa = PBXFileReference; fileEncoding = 4; lastKnownFileType = sourcecode.c.objc; path = "NSData+GIF.m"; sourceTree = "<group>"; };
		073DBD1D1AE7712F009B49EB /* NSData+ImageContentType.h */ = {isa = PBXFileReference; fileEncoding = 4; lastKnownFileType = sourcecode.c.h; path = "NSData+ImageContentType.h"; sourceTree = "<group>"; };
		073DBD1E1AE7712F009B49EB /* NSData+ImageContentType.m */ = {isa = PBXFileReference; fileEncoding = 4; lastKnownFileType = sourcecode.c.objc; path = "NSData+ImageContentType.m"; sourceTree = "<group>"; };
		073DBD1F1AE7712F009B49EB /* SDImageCache.h */ = {isa = PBXFileReference; fileEncoding = 4; lastKnownFileType = sourcecode.c.h; path = SDImageCache.h; sourceTree = "<group>"; };
		073DBD201AE7712F009B49EB /* SDImageCache.m */ = {isa = PBXFileReference; fileEncoding = 4; lastKnownFileType = sourcecode.c.objc; path = SDImageCache.m; sourceTree = "<group>"; };
		073DBD211AE7712F009B49EB /* SDWebImageCompat.h */ = {isa = PBXFileReference; fileEncoding = 4; lastKnownFileType = sourcecode.c.h; path = SDWebImageCompat.h; sourceTree = "<group>"; };
		073DBD221AE7712F009B49EB /* SDWebImageCompat.m */ = {isa = PBXFileReference; fileEncoding = 4; lastKnownFileType = sourcecode.c.objc; path = SDWebImageCompat.m; sourceTree = "<group>"; };
		073DBD231AE7712F009B49EB /* SDWebImageDecoder.h */ = {isa = PBXFileReference; fileEncoding = 4; lastKnownFileType = sourcecode.c.h; path = SDWebImageDecoder.h; sourceTree = "<group>"; };
		073DBD241AE7712F009B49EB /* SDWebImageDecoder.m */ = {isa = PBXFileReference; fileEncoding = 4; lastKnownFileType = sourcecode.c.objc; path = SDWebImageDecoder.m; sourceTree = "<group>"; };
		073DBD251AE7712F009B49EB /* SDWebImageDownloader.h */ = {isa = PBXFileReference; fileEncoding = 4; lastKnownFileType = sourcecode.c.h; path = SDWebImageDownloader.h; sourceTree = "<group>"; };
		073DBD261AE7712F009B49EB /* SDWebImageDownloader.m */ = {isa = PBXFileReference; fileEncoding = 4; lastKnownFileType = sourcecode.c.objc; path = SDWebImageDownloader.m; sourceTree = "<group>"; };
		073DBD271AE7712F009B49EB /* SDWebImageDownloaderOperation.h */ = {isa = PBXFileReference; fileEncoding = 4; lastKnownFileType = sourcecode.c.h; path = SDWebImageDownloaderOperation.h; sourceTree = "<group>"; };
		073DBD281AE7712F009B49EB /* SDWebImageDownloaderOperation.m */ = {isa = PBXFileReference; fileEncoding = 4; lastKnownFileType = sourcecode.c.objc; path = SDWebImageDownloaderOperation.m; sourceTree = "<group>"; };
		073DBD291AE7712F009B49EB /* SDWebImageManager.h */ = {isa = PBXFileReference; fileEncoding = 4; lastKnownFileType = sourcecode.c.h; path = SDWebImageManager.h; sourceTree = "<group>"; };
		073DBD2A1AE7712F009B49EB /* SDWebImageManager.m */ = {isa = PBXFileReference; fileEncoding = 4; lastKnownFileType = sourcecode.c.objc; path = SDWebImageManager.m; sourceTree = "<group>"; };
		073DBD2B1AE7712F009B49EB /* SDWebImageOperation.h */ = {isa = PBXFileReference; fileEncoding = 4; lastKnownFileType = sourcecode.c.h; path = SDWebImageOperation.h; sourceTree = "<group>"; };
		073DBD2C1AE7712F009B49EB /* SDWebImagePrefetcher.h */ = {isa = PBXFileReference; fileEncoding = 4; lastKnownFileType = sourcecode.c.h; path = SDWebImagePrefetcher.h; sourceTree = "<group>"; };
		073DBD2D1AE7712F009B49EB /* SDWebImagePrefetcher.m */ = {isa = PBXFileReference; fileEncoding = 4; lastKnownFileType = sourcecode.c.objc; path = SDWebImagePrefetcher.m; sourceTree = "<group>"; };
		073DBD2E1AE7712F009B49EB /* UIButton+WebCache.h */ = {isa = PBXFileReference; fileEncoding = 4; lastKnownFileType = sourcecode.c.h; path = "UIButton+WebCache.h"; sourceTree = "<group>"; };
		073DBD2F1AE7712F009B49EB /* UIButton+WebCache.m */ = {isa = PBXFileReference; fileEncoding = 4; lastKnownFileType = sourcecode.c.objc; path = "UIButton+WebCache.m"; sourceTree = "<group>"; };
		073DBD301AE7712F009B49EB /* UIImage+GIF.h */ = {isa = PBXFileReference; fileEncoding = 4; lastKnownFileType = sourcecode.c.h; path = "UIImage+GIF.h"; sourceTree = "<group>"; };
		073DBD311AE7712F009B49EB /* UIImage+GIF.m */ = {isa = PBXFileReference; fileEncoding = 4; lastKnownFileType = sourcecode.c.objc; path = "UIImage+GIF.m"; sourceTree = "<group>"; };
		073DBD321AE7712F009B49EB /* UIImage+MultiFormat.h */ = {isa = PBXFileReference; fileEncoding = 4; lastKnownFileType = sourcecode.c.h; path = "UIImage+MultiFormat.h"; sourceTree = "<group>"; };
		073DBD331AE7712F009B49EB /* UIImage+MultiFormat.m */ = {isa = PBXFileReference; fileEncoding = 4; lastKnownFileType = sourcecode.c.objc; path = "UIImage+MultiFormat.m"; sourceTree = "<group>"; };
		073DBD341AE7712F009B49EB /* UIImage+WebP.h */ = {isa = PBXFileReference; fileEncoding = 4; lastKnownFileType = sourcecode.c.h; path = "UIImage+WebP.h"; sourceTree = "<group>"; };
		073DBD351AE7712F009B49EB /* UIImage+WebP.m */ = {isa = PBXFileReference; fileEncoding = 4; lastKnownFileType = sourcecode.c.objc; path = "UIImage+WebP.m"; sourceTree = "<group>"; };
		073DBD361AE7712F009B49EB /* UIImageView+HighlightedWebCache.h */ = {isa = PBXFileReference; fileEncoding = 4; lastKnownFileType = sourcecode.c.h; path = "UIImageView+HighlightedWebCache.h"; sourceTree = "<group>"; };
		073DBD371AE7712F009B49EB /* UIImageView+HighlightedWebCache.m */ = {isa = PBXFileReference; fileEncoding = 4; lastKnownFileType = sourcecode.c.objc; path = "UIImageView+HighlightedWebCache.m"; sourceTree = "<group>"; };
		073DBD381AE7712F009B49EB /* UIImageView+WebCache.h */ = {isa = PBXFileReference; fileEncoding = 4; lastKnownFileType = sourcecode.c.h; path = "UIImageView+WebCache.h"; sourceTree = "<group>"; };
		073DBD391AE7712F009B49EB /* UIImageView+WebCache.m */ = {isa = PBXFileReference; fileEncoding = 4; lastKnownFileType = sourcecode.c.objc; path = "UIImageView+WebCache.m"; sourceTree = "<group>"; };
		073DBD3A1AE7712F009B49EB /* UIView+WebCacheOperation.h */ = {isa = PBXFileReference; fileEncoding = 4; lastKnownFileType = sourcecode.c.h; path = "UIView+WebCacheOperation.h"; sourceTree = "<group>"; };
		073DBD3B1AE7712F009B49EB /* UIView+WebCacheOperation.m */ = {isa = PBXFileReference; fileEncoding = 4; lastKnownFileType = sourcecode.c.objc; path = "UIView+WebCacheOperation.m"; sourceTree = "<group>"; };
		073DBD551AE7717D009B49EB /* NSDictionary+ObjectForKey.h */ = {isa = PBXFileReference; fileEncoding = 4; lastKnownFileType = sourcecode.c.h; path = "NSDictionary+ObjectForKey.h"; sourceTree = "<group>"; };
		073DBD561AE7717D009B49EB /* NSDictionary+ObjectForKey.m */ = {isa = PBXFileReference; fileEncoding = 4; lastKnownFileType = sourcecode.c.objc; path = "NSDictionary+ObjectForKey.m"; sourceTree = "<group>"; };
		073DBD591AE7717D009B49EB /* PathHelper.h */ = {isa = PBXFileReference; fileEncoding = 4; lastKnownFileType = sourcecode.c.h; path = PathHelper.h; sourceTree = "<group>"; };
		073DBD5A1AE7717D009B49EB /* PathHelper.m */ = {isa = PBXFileReference; fileEncoding = 4; lastKnownFileType = sourcecode.c.objc; path = PathHelper.m; sourceTree = "<group>"; };
		073DBD5B1AE7717D009B49EB /* UIColor+bit.h */ = {isa = PBXFileReference; fileEncoding = 4; lastKnownFileType = sourcecode.c.h; path = "UIColor+bit.h"; sourceTree = "<group>"; };
		073DBD5C1AE7717D009B49EB /* UIColor+bit.m */ = {isa = PBXFileReference; fileEncoding = 4; lastKnownFileType = sourcecode.c.objc; path = "UIColor+bit.m"; sourceTree = "<group>"; };
		073DBD5D1AE7717D009B49EB /* UIImage+ProportionalFill.h */ = {isa = PBXFileReference; fileEncoding = 4; lastKnownFileType = sourcecode.c.h; path = "UIImage+ProportionalFill.h"; sourceTree = "<group>"; };
		073DBD5E1AE7717D009B49EB /* UIImage+ProportionalFill.m */ = {isa = PBXFileReference; fileEncoding = 4; lastKnownFileType = sourcecode.c.objc; path = "UIImage+ProportionalFill.m"; sourceTree = "<group>"; };
		073DBD5F1AE7717D009B49EB /* URLHelper.h */ = {isa = PBXFileReference; fileEncoding = 4; lastKnownFileType = sourcecode.c.h; path = URLHelper.h; sourceTree = "<group>"; };
		073DBD601AE7717D009B49EB /* URLHelper.m */ = {isa = PBXFileReference; fileEncoding = 4; lastKnownFileType = sourcecode.c.objc; path = URLHelper.m; sourceTree = "<group>"; };
		073DBD691AE771AC009B49EB /* JSONKit.h */ = {isa = PBXFileReference; fileEncoding = 4; lastKnownFileType = sourcecode.c.h; path = JSONKit.h; sourceTree = "<group>"; };
		073DBD6A1AE771AC009B49EB /* JSONKit.m */ = {isa = PBXFileReference; fileEncoding = 4; lastKnownFileType = sourcecode.c.objc; path = JSONKit.m; sourceTree = "<group>"; };
		073DBD6F1AE77211009B49EB /* HotUpButton.h */ = {isa = PBXFileReference; fileEncoding = 4; lastKnownFileType = sourcecode.c.h; path = HotUpButton.h; sourceTree = "<group>"; };
		073DBD701AE77211009B49EB /* HotUpButton.m */ = {isa = PBXFileReference; fileEncoding = 4; lastKnownFileType = sourcecode.c.objc; path = HotUpButton.m; sourceTree = "<group>"; };
		073DBD721AE778CF009B49EB /* WYUserInfo.h */ = {isa = PBXFileReference; fileEncoding = 4; lastKnownFileType = sourcecode.c.h; path = WYUserInfo.h; sourceTree = "<group>"; };
		073DBD731AE778CF009B49EB /* WYUserInfo.m */ = {isa = PBXFileReference; fileEncoding = 4; lastKnownFileType = sourcecode.c.objc; path = WYUserInfo.m; sourceTree = "<group>"; };
		073DBD751AE77929009B49EB /* WYEngine.h */ = {isa = PBXFileReference; fileEncoding = 4; lastKnownFileType = sourcecode.c.h; path = WYEngine.h; sourceTree = "<group>"; };
		073DBD761AE77929009B49EB /* WYEngine.m */ = {isa = PBXFileReference; fileEncoding = 4; lastKnownFileType = sourcecode.c.objc; path = WYEngine.m; sourceTree = "<group>"; };
		073DBD7A1AE779C4009B49EB /* SuperMainViewController.h */ = {isa = PBXFileReference; fileEncoding = 4; lastKnownFileType = sourcecode.c.h; path = SuperMainViewController.h; sourceTree = "<group>"; };
		073DBD7B1AE779C4009B49EB /* SuperMainViewController.m */ = {isa = PBXFileReference; fileEncoding = 4; lastKnownFileType = sourcecode.c.objc; path = SuperMainViewController.m; sourceTree = "<group>"; };
		073DBD7D1AE77A3C009B49EB /* MineTabViewController.h */ = {isa = PBXFileReference; fileEncoding = 4; lastKnownFileType = sourcecode.c.h; path = MineTabViewController.h; sourceTree = "<group>"; };
		073DBD7E1AE77A3C009B49EB /* MineTabViewController.m */ = {isa = PBXFileReference; fileEncoding = 4; lastKnownFileType = sourcecode.c.objc; path = MineTabViewController.m; sourceTree = "<group>"; };
		073DBD7F1AE77A3C009B49EB /* MineTabViewController.xib */ = {isa = PBXFileReference; fileEncoding = 4; lastKnownFileType = file.xib; path = MineTabViewController.xib; sourceTree = "<group>"; };
		073DBD821AE77BED009B49EB /* WYUIKitMacro.h */ = {isa = PBXFileReference; fileEncoding = 4; lastKnownFileType = sourcecode.c.h; path = WYUIKitMacro.h; sourceTree = "<group>"; };
		073DBDA71AE7939C009B49EB /* WYCommonUtils.h */ = {isa = PBXFileReference; fileEncoding = 4; lastKnownFileType = sourcecode.c.h; path = WYCommonUtils.h; sourceTree = "<group>"; };
		073DBDA81AE7939C009B49EB /* WYCommonUtils.m */ = {isa = PBXFileReference; fileEncoding = 4; lastKnownFileType = sourcecode.c.objc; path = WYCommonUtils.m; sourceTree = "<group>"; };
		073DBDAA1AE79456009B49EB /* WYUIUtils.h */ = {isa = PBXFileReference; fileEncoding = 4; lastKnownFileType = sourcecode.c.h; path = WYUIUtils.h; sourceTree = "<group>"; };
		073DBDAB1AE79457009B49EB /* WYUIUtils.m */ = {isa = PBXFileReference; fileEncoding = 4; lastKnownFileType = sourcecode.c.objc; path = WYUIUtils.m; sourceTree = "<group>"; };
		073DBDAE1AE794C4009B49EB /* arrow.png */ = {isa = PBXFileReference; lastKnownFileType = image.png; path = arrow.png; sourceTree = "<group>"; };
		073DBDAF1AE794C4009B49EB /* arrow@2x.png */ = {isa = PBXFileReference; lastKnownFileType = image.png; path = "arrow@2x.png"; sourceTree = "<group>"; };
		073DBDB11AE794C4009B49EB /* PullToRefreshView.h */ = {isa = PBXFileReference; fileEncoding = 4; lastKnownFileType = sourcecode.c.h; path = PullToRefreshView.h; sourceTree = "<group>"; };
		073DBDB21AE794C4009B49EB /* PullToRefreshView.m */ = {isa = PBXFileReference; fileEncoding = 4; lastKnownFileType = sourcecode.c.objc; path = PullToRefreshView.m; sourceTree = "<group>"; };
		073DBDB91AE798B0009B49EB /* WYSystem.h */ = {isa = PBXFileReference; fileEncoding = 4; lastKnownFileType = sourcecode.c.h; path = WYSystem.h; sourceTree = "<group>"; };
		073DBDD51AE79F1D009B49EB /* libsqlite3.0.dylib */ = {isa = PBXFileReference; lastKnownFileType = "compiled.mach-o.dylib"; name = libsqlite3.0.dylib; path = usr/lib/libsqlite3.0.dylib; sourceTree = SDKROOT; };
		073DBDD71AE79F37009B49EB /* libz.dylib */ = {isa = PBXFileReference; lastKnownFileType = "compiled.mach-o.dylib"; name = libz.dylib; path = usr/lib/libz.dylib; sourceTree = SDKROOT; };
		073DBDD91AE79F4A009B49EB /* libstdc++.6.0.9.dylib */ = {isa = PBXFileReference; lastKnownFileType = "compiled.mach-o.dylib"; name = "libstdc++.6.0.9.dylib"; path = "usr/lib/libstdc++.6.0.9.dylib"; sourceTree = SDKROOT; };
		073DBDDB1AE79F56009B49EB /* libiconv.dylib */ = {isa = PBXFileReference; lastKnownFileType = "compiled.mach-o.dylib"; name = libiconv.dylib; path = usr/lib/libiconv.dylib; sourceTree = SDKROOT; };
		073DBDDD1AE79F60009B49EB /* Security.framework */ = {isa = PBXFileReference; lastKnownFileType = wrapper.framework; name = Security.framework; path = System/Library/Frameworks/Security.framework; sourceTree = SDKROOT; };
		073DBDDF1AE79F6F009B49EB /* CoreGraphics.framework */ = {isa = PBXFileReference; lastKnownFileType = wrapper.framework; name = CoreGraphics.framework; path = System/Library/Frameworks/CoreGraphics.framework; sourceTree = SDKROOT; };
		073DBDE11AE79F79009B49EB /* CoreTelephony.framework */ = {isa = PBXFileReference; lastKnownFileType = wrapper.framework; name = CoreTelephony.framework; path = System/Library/Frameworks/CoreTelephony.framework; sourceTree = SDKROOT; };
		073DBDE31AE79F8B009B49EB /* SystemConfiguration.framework */ = {isa = PBXFileReference; lastKnownFileType = wrapper.framework; name = SystemConfiguration.framework; path = System/Library/Frameworks/SystemConfiguration.framework; sourceTree = SDKROOT; };
		073DBDE51AE79F93009B49EB /* AssetsLibrary.framework */ = {isa = PBXFileReference; lastKnownFileType = wrapper.framework; name = AssetsLibrary.framework; path = System/Library/Frameworks/AssetsLibrary.framework; sourceTree = SDKROOT; };
		073DBDE91AE7A023009B49EB /* UIKit.framework */ = {isa = PBXFileReference; lastKnownFileType = wrapper.framework; name = UIKit.framework; path = System/Library/Frameworks/UIKit.framework; sourceTree = SDKROOT; };
		073DBDEB1AE7A0EC009B49EB /* WangYu-Prefx.pch */ = {isa = PBXFileReference; lastKnownFileType = sourcecode.c.h; path = "WangYu-Prefx.pch"; sourceTree = "<group>"; };
		073DBDED1AE7A1B0009B49EB /* UIImage+Alpha.h */ = {isa = PBXFileReference; fileEncoding = 4; lastKnownFileType = sourcecode.c.h; path = "UIImage+Alpha.h"; sourceTree = "<group>"; };
		073DBDEE1AE7A1B0009B49EB /* UIImage+Alpha.m */ = {isa = PBXFileReference; fileEncoding = 4; lastKnownFileType = sourcecode.c.objc; path = "UIImage+Alpha.m"; sourceTree = "<group>"; };
		073DBDEF1AE7A1B0009B49EB /* UIImage+Resize.h */ = {isa = PBXFileReference; fileEncoding = 4; lastKnownFileType = sourcecode.c.h; path = "UIImage+Resize.h"; sourceTree = "<group>"; };
		073DBDF01AE7A1B0009B49EB /* UIImage+Resize.m */ = {isa = PBXFileReference; fileEncoding = 4; lastKnownFileType = sourcecode.c.objc; path = "UIImage+Resize.m"; sourceTree = "<group>"; };
		073DBDF11AE7A1B0009B49EB /* UIImage+RoundedCorner.h */ = {isa = PBXFileReference; fileEncoding = 4; lastKnownFileType = sourcecode.c.h; path = "UIImage+RoundedCorner.h"; sourceTree = "<group>"; };
		073DBDF21AE7A1B0009B49EB /* UIImage+RoundedCorner.m */ = {isa = PBXFileReference; fileEncoding = 4; lastKnownFileType = sourcecode.c.objc; path = "UIImage+RoundedCorner.m"; sourceTree = "<group>"; };
		073DBDF31AE7A1B0009B49EB /* UIImageExtras.h */ = {isa = PBXFileReference; fileEncoding = 4; lastKnownFileType = sourcecode.c.h; path = UIImageExtras.h; sourceTree = "<group>"; };
		073DBDF41AE7A1B0009B49EB /* UIImageExtras.m */ = {isa = PBXFileReference; fileEncoding = 4; lastKnownFileType = sourcecode.c.objc; path = UIImageExtras.m; sourceTree = "<group>"; };
		078EDBC11AEF1EF800E93EE8 /* ASIAuthenticationDialog.h */ = {isa = PBXFileReference; fileEncoding = 4; lastKnownFileType = sourcecode.c.h; path = ASIAuthenticationDialog.h; sourceTree = "<group>"; };
		078EDBC21AEF1EF800E93EE8 /* ASIAuthenticationDialog.m */ = {isa = PBXFileReference; fileEncoding = 4; lastKnownFileType = sourcecode.c.objc; path = ASIAuthenticationDialog.m; sourceTree = "<group>"; };
		078EDBC31AEF1EF800E93EE8 /* ASICacheDelegate.h */ = {isa = PBXFileReference; fileEncoding = 4; lastKnownFileType = sourcecode.c.h; path = ASICacheDelegate.h; sourceTree = "<group>"; };
		078EDBC41AEF1EF800E93EE8 /* ASIDataCompressor.h */ = {isa = PBXFileReference; fileEncoding = 4; lastKnownFileType = sourcecode.c.h; path = ASIDataCompressor.h; sourceTree = "<group>"; };
		078EDBC51AEF1EF800E93EE8 /* ASIDataCompressor.m */ = {isa = PBXFileReference; fileEncoding = 4; lastKnownFileType = sourcecode.c.objc; path = ASIDataCompressor.m; sourceTree = "<group>"; };
		078EDBC61AEF1EF800E93EE8 /* ASIDataDecompressor.h */ = {isa = PBXFileReference; fileEncoding = 4; lastKnownFileType = sourcecode.c.h; path = ASIDataDecompressor.h; sourceTree = "<group>"; };
		078EDBC71AEF1EF800E93EE8 /* ASIDataDecompressor.m */ = {isa = PBXFileReference; fileEncoding = 4; lastKnownFileType = sourcecode.c.objc; path = ASIDataDecompressor.m; sourceTree = "<group>"; };
		078EDBC81AEF1EF800E93EE8 /* ASIDownloadCache.h */ = {isa = PBXFileReference; fileEncoding = 4; lastKnownFileType = sourcecode.c.h; path = ASIDownloadCache.h; sourceTree = "<group>"; };
		078EDBC91AEF1EF800E93EE8 /* ASIDownloadCache.m */ = {isa = PBXFileReference; fileEncoding = 4; lastKnownFileType = sourcecode.c.objc; path = ASIDownloadCache.m; sourceTree = "<group>"; };
		078EDBCA1AEF1EF800E93EE8 /* ASIFormDataRequest.h */ = {isa = PBXFileReference; fileEncoding = 4; lastKnownFileType = sourcecode.c.h; path = ASIFormDataRequest.h; sourceTree = "<group>"; };
		078EDBCB1AEF1EF800E93EE8 /* ASIFormDataRequest.m */ = {isa = PBXFileReference; fileEncoding = 4; lastKnownFileType = sourcecode.c.objc; path = ASIFormDataRequest.m; sourceTree = "<group>"; };
		078EDBCC1AEF1EF800E93EE8 /* ASIHTTPRequest.h */ = {isa = PBXFileReference; fileEncoding = 4; lastKnownFileType = sourcecode.c.h; path = ASIHTTPRequest.h; sourceTree = "<group>"; };
		078EDBCD1AEF1EF800E93EE8 /* ASIHTTPRequest.m */ = {isa = PBXFileReference; fileEncoding = 4; lastKnownFileType = sourcecode.c.objc; path = ASIHTTPRequest.m; sourceTree = "<group>"; };
		078EDBCE1AEF1EF800E93EE8 /* ASIHTTPRequestConfig.h */ = {isa = PBXFileReference; fileEncoding = 4; lastKnownFileType = sourcecode.c.h; path = ASIHTTPRequestConfig.h; sourceTree = "<group>"; };
		078EDBCF1AEF1EF800E93EE8 /* ASIHTTPRequestDelegate.h */ = {isa = PBXFileReference; fileEncoding = 4; lastKnownFileType = sourcecode.c.h; path = ASIHTTPRequestDelegate.h; sourceTree = "<group>"; };
		078EDBD01AEF1EF800E93EE8 /* ASIInputStream.h */ = {isa = PBXFileReference; fileEncoding = 4; lastKnownFileType = sourcecode.c.h; path = ASIInputStream.h; sourceTree = "<group>"; };
		078EDBD11AEF1EF800E93EE8 /* ASIInputStream.m */ = {isa = PBXFileReference; fileEncoding = 4; lastKnownFileType = sourcecode.c.objc; path = ASIInputStream.m; sourceTree = "<group>"; };
		078EDBD21AEF1EF800E93EE8 /* ASINetworkQueue.h */ = {isa = PBXFileReference; fileEncoding = 4; lastKnownFileType = sourcecode.c.h; path = ASINetworkQueue.h; sourceTree = "<group>"; };
		078EDBD31AEF1EF800E93EE8 /* ASINetworkQueue.m */ = {isa = PBXFileReference; fileEncoding = 4; lastKnownFileType = sourcecode.c.objc; path = ASINetworkQueue.m; sourceTree = "<group>"; };
		078EDBD41AEF1EF800E93EE8 /* ASIProgressDelegate.h */ = {isa = PBXFileReference; fileEncoding = 4; lastKnownFileType = sourcecode.c.h; path = ASIProgressDelegate.h; sourceTree = "<group>"; };
		078EDBD51AEF1EF800E93EE8 /* LSReachability.h */ = {isa = PBXFileReference; fileEncoding = 4; lastKnownFileType = sourcecode.c.h; path = LSReachability.h; sourceTree = "<group>"; };
		078EDBD61AEF1EF800E93EE8 /* LSReachability.m */ = {isa = PBXFileReference; fileEncoding = 4; lastKnownFileType = sourcecode.c.objc; path = LSReachability.m; sourceTree = "<group>"; };
		0790493C1AE9DF3000E46795 /* WYOAuthStore.h */ = {isa = PBXFileReference; fileEncoding = 4; lastKnownFileType = sourcecode.c.h; name = WYOAuthStore.h; path = OAuth2/WYOAuthStore.h; sourceTree = "<group>"; };
		0790493D1AE9DF3000E46795 /* WYOAuthStore.m */ = {isa = PBXFileReference; fileEncoding = 4; lastKnownFileType = sourcecode.c.objc; name = WYOAuthStore.m; path = OAuth2/WYOAuthStore.m; sourceTree = "<group>"; };
		0790493F1AE9DF5A00E46795 /* WYOAuthService.h */ = {isa = PBXFileReference; fileEncoding = 4; lastKnownFileType = sourcecode.c.h; name = WYOAuthService.h; path = OAuth2/WYOAuthService.h; sourceTree = "<group>"; };
		079049401AE9DF5A00E46795 /* WYOAuthService.m */ = {isa = PBXFileReference; fileEncoding = 4; lastKnownFileType = sourcecode.c.objc; name = WYOAuthService.m; path = OAuth2/WYOAuthService.m; sourceTree = "<group>"; };
		079049421AE9DF7300E46795 /* WYOAuth2.h */ = {isa = PBXFileReference; lastKnownFileType = sourcecode.c.h; name = WYOAuth2.h; path = OAuth2/WYOAuth2.h; sourceTree = "<group>"; };
		079049441AEA15EB00E46795 /* WYQuery.h */ = {isa = PBXFileReference; fileEncoding = 4; lastKnownFileType = sourcecode.c.h; name = WYQuery.h; path = NetWork/WYQuery.h; sourceTree = "<group>"; };
		079049451AEA15EB00E46795 /* WYQuery.m */ = {isa = PBXFileReference; fileEncoding = 4; lastKnownFileType = sourcecode.c.objc; name = WYQuery.m; path = NetWork/WYQuery.m; sourceTree = "<group>"; };
		079049481AEA226B00E46795 /* NSData+Base64.h */ = {isa = PBXFileReference; fileEncoding = 4; lastKnownFileType = sourcecode.c.h; path = "NSData+Base64.h"; sourceTree = "<group>"; };
		079049491AEA226B00E46795 /* NSData+Base64.m */ = {isa = PBXFileReference; fileEncoding = 4; lastKnownFileType = sourcecode.c.objc; path = "NSData+Base64.m"; sourceTree = "<group>"; };
		0790494B1AEA236100E46795 /* WYService.h */ = {isa = PBXFileReference; fileEncoding = 4; lastKnownFileType = sourcecode.c.h; name = WYService.h; path = NetWork/WYService.h; sourceTree = "<group>"; };
		0790494C1AEA236100E46795 /* WYService.m */ = {isa = PBXFileReference; fileEncoding = 4; lastKnownFileType = sourcecode.c.objc; name = WYService.m; path = NetWork/WYService.m; sourceTree = "<group>"; };
		0790494E1AEA28E100E46795 /* WYHttpRequest.h */ = {isa = PBXFileReference; fileEncoding = 4; lastKnownFileType = sourcecode.c.h; name = WYHttpRequest.h; path = NetWork/WYHttpRequest.h; sourceTree = "<group>"; };
		0790494F1AEA28E100E46795 /* WYHttpRequest.m */ = {isa = PBXFileReference; fileEncoding = 4; lastKnownFileType = sourcecode.c.objc; name = WYHttpRequest.m; path = NetWork/WYHttpRequest.m; sourceTree = "<group>"; };
		0791AB031AE8889D0009A5A7 /* WYTabBarViewController.h */ = {isa = PBXFileReference; fileEncoding = 4; lastKnownFileType = sourcecode.c.h; path = WYTabBarViewController.h; sourceTree = "<group>"; };
		0791AB041AE8889D0009A5A7 /* WYTabBarViewController.m */ = {isa = PBXFileReference; fileEncoding = 4; lastKnownFileType = sourcecode.c.objc; path = WYTabBarViewController.m; sourceTree = "<group>"; };
		0791AB061AE88AB10009A5A7 /* WYTabBarItemView.h */ = {isa = PBXFileReference; fileEncoding = 4; lastKnownFileType = sourcecode.c.h; path = WYTabBarItemView.h; sourceTree = "<group>"; };
		0791AB071AE88AB10009A5A7 /* WYTabBarItemView.m */ = {isa = PBXFileReference; fileEncoding = 4; lastKnownFileType = sourcecode.c.objc; path = WYTabBarItemView.m; sourceTree = "<group>"; };
		0791AB081AE88AB10009A5A7 /* WYTabBarItemView.xib */ = {isa = PBXFileReference; fileEncoding = 4; lastKnownFileType = file.xib; path = WYTabBarItemView.xib; sourceTree = "<group>"; };
		0791AB0B1AE897EA0009A5A7 /* WYTabBarView.h */ = {isa = PBXFileReference; fileEncoding = 4; lastKnownFileType = sourcecode.c.h; path = WYTabBarView.h; sourceTree = "<group>"; };
		0791AB0C1AE897EA0009A5A7 /* WYTabBarView.m */ = {isa = PBXFileReference; fileEncoding = 4; lastKnownFileType = sourcecode.c.objc; path = WYTabBarView.m; sourceTree = "<group>"; };
		0791AB0D1AE897EA0009A5A7 /* WYTabBarView.xib */ = {isa = PBXFileReference; fileEncoding = 4; lastKnownFileType = file.xib; path = WYTabBarView.xib; sourceTree = "<group>"; };
		0791AB101AE898550009A5A7 /* WYCommonVcTransition.h */ = {isa = PBXFileReference; fileEncoding = 4; lastKnownFileType = sourcecode.c.h; path = WYCommonVcTransition.h; sourceTree = "<group>"; };
		0791AB111AE898550009A5A7 /* WYCommonVcTransition.m */ = {isa = PBXFileReference; fileEncoding = 4; lastKnownFileType = sourcecode.c.objc; path = WYCommonVcTransition.m; sourceTree = "<group>"; };
		0791AB131AE898DA0009A5A7 /* WYNavigationController.h */ = {isa = PBXFileReference; fileEncoding = 4; lastKnownFileType = sourcecode.c.h; path = WYNavigationController.h; sourceTree = "<group>"; };
		0791AB141AE898DA0009A5A7 /* WYNavigationController.m */ = {isa = PBXFileReference; fileEncoding = 4; lastKnownFileType = sourcecode.c.objc; path = WYNavigationController.m; sourceTree = "<group>"; };
		0791AB161AE8994A0009A5A7 /* WYBaseSuperViewController.h */ = {isa = PBXFileReference; fileEncoding = 4; lastKnownFileType = sourcecode.c.h; path = WYBaseSuperViewController.h; sourceTree = "<group>"; };
		0791AB171AE8994A0009A5A7 /* WYBaseSuperViewController.m */ = {isa = PBXFileReference; fileEncoding = 4; lastKnownFileType = sourcecode.c.objc; path = WYBaseSuperViewController.m; sourceTree = "<group>"; };
		0791AB191AE899D10009A5A7 /* WYSuperViewController.h */ = {isa = PBXFileReference; fileEncoding = 4; lastKnownFileType = sourcecode.c.h; path = WYSuperViewController.h; sourceTree = "<group>"; };
		0791AB1A1AE899D10009A5A7 /* WYSuperViewController.m */ = {isa = PBXFileReference; fileEncoding = 4; lastKnownFileType = sourcecode.c.objc; path = WYSuperViewController.m; sourceTree = "<group>"; };
		0791AB1B1AE899D10009A5A7 /* WYTitleNavBarView.h */ = {isa = PBXFileReference; fileEncoding = 4; lastKnownFileType = sourcecode.c.h; path = WYTitleNavBarView.h; sourceTree = "<group>"; };
		0791AB1C1AE899D10009A5A7 /* WYTitleNavBarView.m */ = {isa = PBXFileReference; fileEncoding = 4; lastKnownFileType = sourcecode.c.objc; path = WYTitleNavBarView.m; sourceTree = "<group>"; };
		0791AB1D1AE899D10009A5A7 /* WYTitleNavBarView.xib */ = {isa = PBXFileReference; fileEncoding = 4; lastKnownFileType = file.xib; path = WYTitleNavBarView.xib; sourceTree = "<group>"; };
		0791AB281AE89B960009A5A7 /* WYActionSheet.h */ = {isa = PBXFileReference; fileEncoding = 4; lastKnownFileType = sourcecode.c.h; path = WYActionSheet.h; sourceTree = "<group>"; };
		0791AB291AE89B960009A5A7 /* WYActionSheet.m */ = {isa = PBXFileReference; fileEncoding = 4; lastKnownFileType = sourcecode.c.objc; path = WYActionSheet.m; sourceTree = "<group>"; };
		0791AB2B1AE89B960009A5A7 /* WYAlertView.h */ = {isa = PBXFileReference; fileEncoding = 4; lastKnownFileType = sourcecode.c.h; path = WYAlertView.h; sourceTree = "<group>"; };
		0791AB2C1AE89B960009A5A7 /* WYAlertView.m */ = {isa = PBXFileReference; fileEncoding = 4; lastKnownFileType = sourcecode.c.objc; path = WYAlertView.m; sourceTree = "<group>"; };
		0791AB301AE8B7DD0009A5A7 /* AboutViewController.h */ = {isa = PBXFileReference; fileEncoding = 4; lastKnownFileType = sourcecode.c.h; path = AboutViewController.h; sourceTree = "<group>"; };
		0791AB311AE8B7DD0009A5A7 /* AboutViewController.m */ = {isa = PBXFileReference; fileEncoding = 4; lastKnownFileType = sourcecode.c.objc; path = AboutViewController.m; sourceTree = "<group>"; };
		0791AB321AE8B7DD0009A5A7 /* AboutViewController.xib */ = {isa = PBXFileReference; fileEncoding = 4; lastKnownFileType = file.xib; path = AboutViewController.xib; sourceTree = "<group>"; };
		0791AB361AE8CF4C0009A5A7 /* EGOCache.h */ = {isa = PBXFileReference; fileEncoding = 4; lastKnownFileType = sourcecode.c.h; path = EGOCache.h; sourceTree = "<group>"; };
		0791AB371AE8CF4C0009A5A7 /* EGOCache.m */ = {isa = PBXFileReference; fileEncoding = 4; lastKnownFileType = sourcecode.c.objc; path = EGOCache.m; sourceTree = "<group>"; };
		0791AB391AE8D8600009A5A7 /* WYSettingConfig.h */ = {isa = PBXFileReference; fileEncoding = 4; lastKnownFileType = sourcecode.c.h; path = WYSettingConfig.h; sourceTree = "<group>"; };
		0791AB3A1AE8D8600009A5A7 /* WYSettingConfig.m */ = {isa = PBXFileReference; fileEncoding = 4; lastKnownFileType = sourcecode.c.objc; path = WYSettingConfig.m; sourceTree = "<group>"; };
		0791AB3D1AE8DE260009A5A7 /* AFHTTPRequestOperation.h */ = {isa = PBXFileReference; fileEncoding = 4; lastKnownFileType = sourcecode.c.h; path = AFHTTPRequestOperation.h; sourceTree = "<group>"; };
		0791AB3E1AE8DE260009A5A7 /* AFHTTPRequestOperation.m */ = {isa = PBXFileReference; fileEncoding = 4; lastKnownFileType = sourcecode.c.objc; path = AFHTTPRequestOperation.m; sourceTree = "<group>"; };
		0791AB3F1AE8DE260009A5A7 /* AFHTTPRequestOperationManager.h */ = {isa = PBXFileReference; fileEncoding = 4; lastKnownFileType = sourcecode.c.h; path = AFHTTPRequestOperationManager.h; sourceTree = "<group>"; };
		0791AB401AE8DE260009A5A7 /* AFHTTPRequestOperationManager.m */ = {isa = PBXFileReference; fileEncoding = 4; lastKnownFileType = sourcecode.c.objc; path = AFHTTPRequestOperationManager.m; sourceTree = "<group>"; };
		0791AB411AE8DE260009A5A7 /* AFHTTPSessionManager.h */ = {isa = PBXFileReference; fileEncoding = 4; lastKnownFileType = sourcecode.c.h; path = AFHTTPSessionManager.h; sourceTree = "<group>"; };
		0791AB421AE8DE260009A5A7 /* AFHTTPSessionManager.m */ = {isa = PBXFileReference; fileEncoding = 4; lastKnownFileType = sourcecode.c.objc; path = AFHTTPSessionManager.m; sourceTree = "<group>"; };
		0791AB431AE8DE260009A5A7 /* AFNetworking.h */ = {isa = PBXFileReference; fileEncoding = 4; lastKnownFileType = sourcecode.c.h; path = AFNetworking.h; sourceTree = "<group>"; };
		0791AB441AE8DE260009A5A7 /* AFNetworkReachabilityManager.h */ = {isa = PBXFileReference; fileEncoding = 4; lastKnownFileType = sourcecode.c.h; path = AFNetworkReachabilityManager.h; sourceTree = "<group>"; };
		0791AB451AE8DE260009A5A7 /* AFNetworkReachabilityManager.m */ = {isa = PBXFileReference; fileEncoding = 4; lastKnownFileType = sourcecode.c.objc; path = AFNetworkReachabilityManager.m; sourceTree = "<group>"; };
		0791AB461AE8DE260009A5A7 /* AFSecurityPolicy.h */ = {isa = PBXFileReference; fileEncoding = 4; lastKnownFileType = sourcecode.c.h; path = AFSecurityPolicy.h; sourceTree = "<group>"; };
		0791AB471AE8DE260009A5A7 /* AFSecurityPolicy.m */ = {isa = PBXFileReference; fileEncoding = 4; lastKnownFileType = sourcecode.c.objc; path = AFSecurityPolicy.m; sourceTree = "<group>"; };
		0791AB481AE8DE260009A5A7 /* AFURLConnectionOperation.h */ = {isa = PBXFileReference; fileEncoding = 4; lastKnownFileType = sourcecode.c.h; path = AFURLConnectionOperation.h; sourceTree = "<group>"; };
		0791AB491AE8DE260009A5A7 /* AFURLConnectionOperation.m */ = {isa = PBXFileReference; fileEncoding = 4; lastKnownFileType = sourcecode.c.objc; path = AFURLConnectionOperation.m; sourceTree = "<group>"; };
		0791AB4A1AE8DE260009A5A7 /* AFURLRequestSerialization.h */ = {isa = PBXFileReference; fileEncoding = 4; lastKnownFileType = sourcecode.c.h; path = AFURLRequestSerialization.h; sourceTree = "<group>"; };
		0791AB4B1AE8DE260009A5A7 /* AFURLRequestSerialization.m */ = {isa = PBXFileReference; fileEncoding = 4; lastKnownFileType = sourcecode.c.objc; path = AFURLRequestSerialization.m; sourceTree = "<group>"; };
		0791AB4C1AE8DE260009A5A7 /* AFURLResponseSerialization.h */ = {isa = PBXFileReference; fileEncoding = 4; lastKnownFileType = sourcecode.c.h; path = AFURLResponseSerialization.h; sourceTree = "<group>"; };
		0791AB4D1AE8DE260009A5A7 /* AFURLResponseSerialization.m */ = {isa = PBXFileReference; fileEncoding = 4; lastKnownFileType = sourcecode.c.objc; path = AFURLResponseSerialization.m; sourceTree = "<group>"; };
		0791AB4E1AE8DE260009A5A7 /* AFURLSessionManager.h */ = {isa = PBXFileReference; fileEncoding = 4; lastKnownFileType = sourcecode.c.h; path = AFURLSessionManager.h; sourceTree = "<group>"; };
		0791AB4F1AE8DE260009A5A7 /* AFURLSessionManager.m */ = {isa = PBXFileReference; fileEncoding = 4; lastKnownFileType = sourcecode.c.objc; path = AFURLSessionManager.m; sourceTree = "<group>"; };
		0791AB511AE8DE260009A5A7 /* QHQnetworkingTool.h */ = {isa = PBXFileReference; fileEncoding = 4; lastKnownFileType = sourcecode.c.h; path = QHQnetworkingTool.h; sourceTree = "<group>"; };
		0791AB521AE8DE260009A5A7 /* QHQnetworkingTool.m */ = {isa = PBXFileReference; fileEncoding = 4; lastKnownFileType = sourcecode.c.objc; path = QHQnetworkingTool.m; sourceTree = "<group>"; };
		0791AB531AE8DE260009A5A7 /* UIImage+HQ.h */ = {isa = PBXFileReference; fileEncoding = 4; lastKnownFileType = sourcecode.c.h; path = "UIImage+HQ.h"; sourceTree = "<group>"; };
		0791AB541AE8DE260009A5A7 /* UIImage+HQ.m */ = {isa = PBXFileReference; fileEncoding = 4; lastKnownFileType = sourcecode.c.objc; path = "UIImage+HQ.m"; sourceTree = "<group>"; };
/* End PBXFileReference section */

/* Begin PBXFrameworksBuildPhase section */
		073DBCD91AE7492A009B49EB /* Frameworks */ = {
			isa = PBXFrameworksBuildPhase;
			buildActionMask = 2147483647;
			files = (
				07203A171AF1F7710056A74B /* CoreText.framework in Frameworks */,
				073DBDEA1AE7A023009B49EB /* UIKit.framework in Frameworks */,
				073DBDE61AE79F93009B49EB /* AssetsLibrary.framework in Frameworks */,
				073DBDE41AE79F8B009B49EB /* SystemConfiguration.framework in Frameworks */,
				073DBDE21AE79F79009B49EB /* CoreTelephony.framework in Frameworks */,
				073DBDE01AE79F6F009B49EB /* CoreGraphics.framework in Frameworks */,
				073DBDDE1AE79F60009B49EB /* Security.framework in Frameworks */,
				073DBDDC1AE79F56009B49EB /* libiconv.dylib in Frameworks */,
				073DBDDA1AE79F4A009B49EB /* libstdc++.6.0.9.dylib in Frameworks */,
				073DBDD81AE79F37009B49EB /* libz.dylib in Frameworks */,
				073DBDD61AE79F1D009B49EB /* libsqlite3.0.dylib in Frameworks */,
			);
			runOnlyForDeploymentPostprocessing = 0;
		};
		073DBCF21AE7492A009B49EB /* Frameworks */ = {
			isa = PBXFrameworksBuildPhase;
			buildActionMask = 2147483647;
			files = (
			);
			runOnlyForDeploymentPostprocessing = 0;
		};
/* End PBXFrameworksBuildPhase section */

/* Begin PBXGroup section */
		07203A101AF1D5EE0056A74B /* Main */ = {
			isa = PBXGroup;
			children = (
				07203A111AF1D63B0056A74B /* NetbarTabCell.h */,
				07203A121AF1D63B0056A74B /* NetbarTabCell.m */,
				07203A131AF1D63B0056A74B /* NetbarTabCell.xib */,
			);
			name = Main;
			sourceTree = "<group>";
		};
		07203A181AF1FE270056A74B /* Assets */ = {
			isa = PBXGroup;
			children = (
				07203A191AF1FE8C0056A74B /* dqw3.otf */,
			);
			name = Assets;
			sourceTree = "<group>";
		};
		073DBCD31AE7492A009B49EB = {
			isa = PBXGroup;
			children = (
				073DBCDE1AE7492A009B49EB /* WangYu */,
				073DBCF81AE7492A009B49EB /* WangYuTests */,
				073DBDE81AE79FF3009B49EB /* Frameworks */,
				073DBCDD1AE7492A009B49EB /* Products */,
			);
			sourceTree = "<group>";
		};
		073DBCDD1AE7492A009B49EB /* Products */ = {
			isa = PBXGroup;
			children = (
				073DBCDC1AE7492A009B49EB /* WangYu.app */,
				073DBCF51AE7492A009B49EB /* WangYuTests.xctest */,
			);
			name = Products;
			sourceTree = "<group>";
		};
		073DBCDE1AE7492A009B49EB /* WangYu */ = {
			isa = PBXGroup;
			children = (
				073DBCE31AE7492A009B49EB /* AppDelegate.h */,
				073DBCE41AE7492A009B49EB /* AppDelegate.m */,
				073DBD121AE770A2009B49EB /* Engine */,
				079049431AEA112900E46795 /* NetWork */,
				0790493B1AE9DC3A00E46795 /* OAuth2 */,
				073DBD151AE770CE009B49EB /* Model */,
				073DBD131AE770C0009B49EB /* ViewControllers */,
				073DBD141AE770C0009B49EB /* Views */,
				073DBD091AE77058009B49EB /* Common */,
				073DBD161AE770E9009B49EB /* Utils */,
				073DBD171AE770F1009B49EB /* External */,
				07203A181AF1FE270056A74B /* Assets */,
				073DBCE61AE7492A009B49EB /* ViewController.h */,
				073DBCE71AE7492A009B49EB /* ViewController.m */,
				073DBCE91AE7492A009B49EB /* Main.storyboard */,
				073DBCEC1AE7492A009B49EB /* Images.xcassets */,
				073DBCEE1AE7492A009B49EB /* LaunchScreen.xib */,
				073DBCDF1AE7492A009B49EB /* Supporting Files */,
			);
			path = WangYu;
			sourceTree = "<group>";
		};
		073DBCDF1AE7492A009B49EB /* Supporting Files */ = {
			isa = PBXGroup;
			children = (
				073DBCE01AE7492A009B49EB /* Info.plist */,
				073DBDEB1AE7A0EC009B49EB /* WangYu-Prefx.pch */,
				073DBCE11AE7492A009B49EB /* main.m */,
			);
			name = "Supporting Files";
			sourceTree = "<group>";
		};
		073DBCF81AE7492A009B49EB /* WangYuTests */ = {
			isa = PBXGroup;
			children = (
				073DBCFB1AE7492A009B49EB /* WangYuTests.m */,
				073DBCF91AE7492A009B49EB /* Supporting Files */,
			);
			path = WangYuTests;
			sourceTree = "<group>";
		};
		073DBCF91AE7492A009B49EB /* Supporting Files */ = {
			isa = PBXGroup;
			children = (
				073DBCFA1AE7492A009B49EB /* Info.plist */,
			);
			name = "Supporting Files";
			sourceTree = "<group>";
		};
		073DBD091AE77058009B49EB /* Common */ = {
			isa = PBXGroup;
			children = (
				0791AB271AE89B960009A5A7 /* WYActionSheetWithBlock */,
				0791AB2A1AE89B960009A5A7 /* WYAlertViewWithBlock */,
			);
			path = Common;
			sourceTree = "<group>";
		};
		073DBD121AE770A2009B49EB /* Engine */ = {
			isa = PBXGroup;
			children = (
				073DBD751AE77929009B49EB /* WYEngine.h */,
				073DBD761AE77929009B49EB /* WYEngine.m */,
				0791AB391AE8D8600009A5A7 /* WYSettingConfig.h */,
				0791AB3A1AE8D8600009A5A7 /* WYSettingConfig.m */,
			);
			path = Engine;
			sourceTree = "<group>";
		};
		073DBD131AE770C0009B49EB /* ViewControllers */ = {
			isa = PBXGroup;
			children = (
				073DBD991AE79343009B49EB /* TabBar */,
				073DBD781AE77982009B49EB /* Base */,
				0791AB2F1AE8B7A10009A5A7 /* Setting */,
				073DBD791AE77982009B49EB /* Main */,
				073DBD841AE7919D009B49EB /* Common */,
			);
			path = ViewControllers;
			sourceTree = "<group>";
		};
		073DBD141AE770C0009B49EB /* Views */ = {
			isa = PBXGroup;
			children = (
				07203A101AF1D5EE0056A74B /* Main */,
				073DBD6F1AE77211009B49EB /* HotUpButton.h */,
				073DBD701AE77211009B49EB /* HotUpButton.m */,
			);
			path = Views;
			sourceTree = "<group>";
		};
		073DBD151AE770CE009B49EB /* Model */ = {
			isa = PBXGroup;
			children = (
				073DBD721AE778CF009B49EB /* WYUserInfo.h */,
				073DBD731AE778CF009B49EB /* WYUserInfo.m */,
			);
			path = Model;
			sourceTree = "<group>";
		};
		073DBD161AE770E9009B49EB /* Utils */ = {
			isa = PBXGroup;
			children = (
				073DBDB91AE798B0009B49EB /* WYSystem.h */,
				073DBD821AE77BED009B49EB /* WYUIKitMacro.h */,
				073DBDA71AE7939C009B49EB /* WYCommonUtils.h */,
				073DBDA81AE7939C009B49EB /* WYCommonUtils.m */,
				073DBDAA1AE79456009B49EB /* WYUIUtils.h */,
				073DBDAB1AE79457009B49EB /* WYUIUtils.m */,
				073DBD551AE7717D009B49EB /* NSDictionary+ObjectForKey.h */,
				073DBD561AE7717D009B49EB /* NSDictionary+ObjectForKey.m */,
				073DBD591AE7717D009B49EB /* PathHelper.h */,
				073DBD5A1AE7717D009B49EB /* PathHelper.m */,
				073DBD5B1AE7717D009B49EB /* UIColor+bit.h */,
				073DBD5C1AE7717D009B49EB /* UIColor+bit.m */,
				073DBD5D1AE7717D009B49EB /* UIImage+ProportionalFill.h */,
				073DBD5E1AE7717D009B49EB /* UIImage+ProportionalFill.m */,
				073DBD5F1AE7717D009B49EB /* URLHelper.h */,
				073DBD601AE7717D009B49EB /* URLHelper.m */,
			);
			path = Utils;
			sourceTree = "<group>";
		};
		073DBD171AE770F1009B49EB /* External */ = {
			isa = PBXGroup;
			children = (
				079049471AEA226B00E46795 /* Base64 */,
				078EDBC01AEF1EF800E93EE8 /* ASIHTTPRequest */,
				0791AB3C1AE8DE260009A5A7 /* AFNetworking */,
				0791AB501AE8DE260009A5A7 /* HQ */,
				0791AB351AE8CF4C0009A5A7 /* EGOCache */,
				073DBDEC1AE7A1B0009B49EB /* UIImage-Categories-master */,
				073DBDAD1AE794C4009B49EB /* PullToRefresh */,
				073DBD671AE771AC009B49EB /* JSONKit */,
				073DBD181AE7712F009B49EB /* SDWebImage */,
			);
			path = External;
			sourceTree = "<group>";
		};
		073DBD181AE7712F009B49EB /* SDWebImage */ = {
			isa = PBXGroup;
			children = (
				073DBD191AE7712F009B49EB /* MKAnnotationView+WebCache.h */,
				073DBD1A1AE7712F009B49EB /* MKAnnotationView+WebCache.m */,
				073DBD1B1AE7712F009B49EB /* NSData+GIF.h */,
				073DBD1C1AE7712F009B49EB /* NSData+GIF.m */,
				073DBD1D1AE7712F009B49EB /* NSData+ImageContentType.h */,
				073DBD1E1AE7712F009B49EB /* NSData+ImageContentType.m */,
				073DBD1F1AE7712F009B49EB /* SDImageCache.h */,
				073DBD201AE7712F009B49EB /* SDImageCache.m */,
				073DBD211AE7712F009B49EB /* SDWebImageCompat.h */,
				073DBD221AE7712F009B49EB /* SDWebImageCompat.m */,
				073DBD231AE7712F009B49EB /* SDWebImageDecoder.h */,
				073DBD241AE7712F009B49EB /* SDWebImageDecoder.m */,
				073DBD251AE7712F009B49EB /* SDWebImageDownloader.h */,
				073DBD261AE7712F009B49EB /* SDWebImageDownloader.m */,
				073DBD271AE7712F009B49EB /* SDWebImageDownloaderOperation.h */,
				073DBD281AE7712F009B49EB /* SDWebImageDownloaderOperation.m */,
				073DBD291AE7712F009B49EB /* SDWebImageManager.h */,
				073DBD2A1AE7712F009B49EB /* SDWebImageManager.m */,
				073DBD2B1AE7712F009B49EB /* SDWebImageOperation.h */,
				073DBD2C1AE7712F009B49EB /* SDWebImagePrefetcher.h */,
				073DBD2D1AE7712F009B49EB /* SDWebImagePrefetcher.m */,
				073DBD2E1AE7712F009B49EB /* UIButton+WebCache.h */,
				073DBD2F1AE7712F009B49EB /* UIButton+WebCache.m */,
				073DBD301AE7712F009B49EB /* UIImage+GIF.h */,
				073DBD311AE7712F009B49EB /* UIImage+GIF.m */,
				073DBD321AE7712F009B49EB /* UIImage+MultiFormat.h */,
				073DBD331AE7712F009B49EB /* UIImage+MultiFormat.m */,
				073DBD341AE7712F009B49EB /* UIImage+WebP.h */,
				073DBD351AE7712F009B49EB /* UIImage+WebP.m */,
				073DBD361AE7712F009B49EB /* UIImageView+HighlightedWebCache.h */,
				073DBD371AE7712F009B49EB /* UIImageView+HighlightedWebCache.m */,
				073DBD381AE7712F009B49EB /* UIImageView+WebCache.h */,
				073DBD391AE7712F009B49EB /* UIImageView+WebCache.m */,
				073DBD3A1AE7712F009B49EB /* UIView+WebCacheOperation.h */,
				073DBD3B1AE7712F009B49EB /* UIView+WebCacheOperation.m */,
			);
			path = SDWebImage;
			sourceTree = "<group>";
		};
		073DBD671AE771AC009B49EB /* JSONKit */ = {
			isa = PBXGroup;
			children = (
				073DBD691AE771AC009B49EB /* JSONKit.h */,
				073DBD6A1AE771AC009B49EB /* JSONKit.m */,
			);
			path = JSONKit;
			sourceTree = "<group>";
		};
		073DBD781AE77982009B49EB /* Base */ = {
			isa = PBXGroup;
			children = (
				073DBD7A1AE779C4009B49EB /* SuperMainViewController.h */,
				073DBD7B1AE779C4009B49EB /* SuperMainViewController.m */,
				0791AB161AE8994A0009A5A7 /* WYBaseSuperViewController.h */,
				0791AB171AE8994A0009A5A7 /* WYBaseSuperViewController.m */,
				0791AB131AE898DA0009A5A7 /* WYNavigationController.h */,
				0791AB141AE898DA0009A5A7 /* WYNavigationController.m */,
				0791AB191AE899D10009A5A7 /* WYSuperViewController.h */,
				0791AB1A1AE899D10009A5A7 /* WYSuperViewController.m */,
				0791AB1B1AE899D10009A5A7 /* WYTitleNavBarView.h */,
				0791AB1C1AE899D10009A5A7 /* WYTitleNavBarView.m */,
				0791AB1D1AE899D10009A5A7 /* WYTitleNavBarView.xib */,
			);
			path = Base;
			sourceTree = "<group>";
		};
		073DBD791AE77982009B49EB /* Main */ = {
			isa = PBXGroup;
			children = (
				07203A0B1AF1CE460056A74B /* NetbarTabViewController.h */,
				07203A0C1AF1CE460056A74B /* NetbarTabViewController.m */,
				07203A0D1AF1CE460056A74B /* NetbarTabViewController.xib */,
				073DBD7D1AE77A3C009B49EB /* MineTabViewController.h */,
				073DBD7E1AE77A3C009B49EB /* MineTabViewController.m */,
				073DBD7F1AE77A3C009B49EB /* MineTabViewController.xib */,
			);
			path = Main;
			sourceTree = "<group>";
		};
		073DBD841AE7919D009B49EB /* Common */ = {
			isa = PBXGroup;
			children = (
				0791AB101AE898550009A5A7 /* WYCommonVcTransition.h */,
				0791AB111AE898550009A5A7 /* WYCommonVcTransition.m */,
			);
			path = Common;
			sourceTree = "<group>";
		};
		073DBD991AE79343009B49EB /* TabBar */ = {
			isa = PBXGroup;
			children = (
				0791AB061AE88AB10009A5A7 /* WYTabBarItemView.h */,
				0791AB071AE88AB10009A5A7 /* WYTabBarItemView.m */,
				0791AB081AE88AB10009A5A7 /* WYTabBarItemView.xib */,
				0791AB0B1AE897EA0009A5A7 /* WYTabBarView.h */,
				0791AB0C1AE897EA0009A5A7 /* WYTabBarView.m */,
				0791AB0D1AE897EA0009A5A7 /* WYTabBarView.xib */,
				0791AB031AE8889D0009A5A7 /* WYTabBarViewController.h */,
				0791AB041AE8889D0009A5A7 /* WYTabBarViewController.m */,
			);
			path = TabBar;
			sourceTree = "<group>";
		};
		073DBDAD1AE794C4009B49EB /* PullToRefresh */ = {
			isa = PBXGroup;
			children = (
				073DBDAE1AE794C4009B49EB /* arrow.png */,
				073DBDAF1AE794C4009B49EB /* arrow@2x.png */,
				073DBDB11AE794C4009B49EB /* PullToRefreshView.h */,
				073DBDB21AE794C4009B49EB /* PullToRefreshView.m */,
			);
			path = PullToRefresh;
			sourceTree = "<group>";
		};
		073DBDE81AE79FF3009B49EB /* Frameworks */ = {
			isa = PBXGroup;
			children = (
				07203A161AF1F7710056A74B /* CoreText.framework */,
				073DBDE91AE7A023009B49EB /* UIKit.framework */,
				073DBDE51AE79F93009B49EB /* AssetsLibrary.framework */,
				073DBDE31AE79F8B009B49EB /* SystemConfiguration.framework */,
				073DBDE11AE79F79009B49EB /* CoreTelephony.framework */,
				073DBDDF1AE79F6F009B49EB /* CoreGraphics.framework */,
				073DBDDD1AE79F60009B49EB /* Security.framework */,
				073DBDDB1AE79F56009B49EB /* libiconv.dylib */,
				073DBDD91AE79F4A009B49EB /* libstdc++.6.0.9.dylib */,
				073DBDD71AE79F37009B49EB /* libz.dylib */,
				073DBDD51AE79F1D009B49EB /* libsqlite3.0.dylib */,
			);
			name = Frameworks;
			sourceTree = "<group>";
		};
		073DBDEC1AE7A1B0009B49EB /* UIImage-Categories-master */ = {
			isa = PBXGroup;
			children = (
				073DBDED1AE7A1B0009B49EB /* UIImage+Alpha.h */,
				073DBDEE1AE7A1B0009B49EB /* UIImage+Alpha.m */,
				073DBDEF1AE7A1B0009B49EB /* UIImage+Resize.h */,
				073DBDF01AE7A1B0009B49EB /* UIImage+Resize.m */,
				073DBDF11AE7A1B0009B49EB /* UIImage+RoundedCorner.h */,
				073DBDF21AE7A1B0009B49EB /* UIImage+RoundedCorner.m */,
				073DBDF31AE7A1B0009B49EB /* UIImageExtras.h */,
				073DBDF41AE7A1B0009B49EB /* UIImageExtras.m */,
			);
			path = "UIImage-Categories-master";
			sourceTree = "<group>";
		};
		078EDBC01AEF1EF800E93EE8 /* ASIHTTPRequest */ = {
			isa = PBXGroup;
			children = (
				078EDBC11AEF1EF800E93EE8 /* ASIAuthenticationDialog.h */,
				078EDBC21AEF1EF800E93EE8 /* ASIAuthenticationDialog.m */,
				078EDBC31AEF1EF800E93EE8 /* ASICacheDelegate.h */,
				078EDBC41AEF1EF800E93EE8 /* ASIDataCompressor.h */,
				078EDBC51AEF1EF800E93EE8 /* ASIDataCompressor.m */,
				078EDBC61AEF1EF800E93EE8 /* ASIDataDecompressor.h */,
				078EDBC71AEF1EF800E93EE8 /* ASIDataDecompressor.m */,
				078EDBC81AEF1EF800E93EE8 /* ASIDownloadCache.h */,
				078EDBC91AEF1EF800E93EE8 /* ASIDownloadCache.m */,
				078EDBCA1AEF1EF800E93EE8 /* ASIFormDataRequest.h */,
				078EDBCB1AEF1EF800E93EE8 /* ASIFormDataRequest.m */,
				078EDBCC1AEF1EF800E93EE8 /* ASIHTTPRequest.h */,
				078EDBCD1AEF1EF800E93EE8 /* ASIHTTPRequest.m */,
				078EDBCE1AEF1EF800E93EE8 /* ASIHTTPRequestConfig.h */,
				078EDBCF1AEF1EF800E93EE8 /* ASIHTTPRequestDelegate.h */,
				078EDBD01AEF1EF800E93EE8 /* ASIInputStream.h */,
				078EDBD11AEF1EF800E93EE8 /* ASIInputStream.m */,
				078EDBD21AEF1EF800E93EE8 /* ASINetworkQueue.h */,
				078EDBD31AEF1EF800E93EE8 /* ASINetworkQueue.m */,
				078EDBD41AEF1EF800E93EE8 /* ASIProgressDelegate.h */,
				078EDBD51AEF1EF800E93EE8 /* LSReachability.h */,
				078EDBD61AEF1EF800E93EE8 /* LSReachability.m */,
			);
			path = ASIHTTPRequest;
			sourceTree = "<group>";
		};
		0790493B1AE9DC3A00E46795 /* OAuth2 */ = {
			isa = PBXGroup;
			children = (
				0790493C1AE9DF3000E46795 /* WYOAuthStore.h */,
				0790493D1AE9DF3000E46795 /* WYOAuthStore.m */,
				0790493F1AE9DF5A00E46795 /* WYOAuthService.h */,
				079049401AE9DF5A00E46795 /* WYOAuthService.m */,
				079049421AE9DF7300E46795 /* WYOAuth2.h */,
			);
			name = OAuth2;
			sourceTree = "<group>";
		};
		079049431AEA112900E46795 /* NetWork */ = {
			isa = PBXGroup;
			children = (
				079049441AEA15EB00E46795 /* WYQuery.h */,
				079049451AEA15EB00E46795 /* WYQuery.m */,
				0790494B1AEA236100E46795 /* WYService.h */,
				0790494C1AEA236100E46795 /* WYService.m */,
				0790494E1AEA28E100E46795 /* WYHttpRequest.h */,
				0790494F1AEA28E100E46795 /* WYHttpRequest.m */,
			);
			name = NetWork;
			sourceTree = "<group>";
		};
		079049471AEA226B00E46795 /* Base64 */ = {
			isa = PBXGroup;
			children = (
				079049481AEA226B00E46795 /* NSData+Base64.h */,
				079049491AEA226B00E46795 /* NSData+Base64.m */,
			);
			path = Base64;
			sourceTree = "<group>";
		};
		0791AB271AE89B960009A5A7 /* WYActionSheetWithBlock */ = {
			isa = PBXGroup;
			children = (
				0791AB281AE89B960009A5A7 /* WYActionSheet.h */,
				0791AB291AE89B960009A5A7 /* WYActionSheet.m */,
			);
			path = WYActionSheetWithBlock;
			sourceTree = "<group>";
		};
		0791AB2A1AE89B960009A5A7 /* WYAlertViewWithBlock */ = {
			isa = PBXGroup;
			children = (
				0791AB2B1AE89B960009A5A7 /* WYAlertView.h */,
				0791AB2C1AE89B960009A5A7 /* WYAlertView.m */,
			);
			path = WYAlertViewWithBlock;
			sourceTree = "<group>";
		};
		0791AB2F1AE8B7A10009A5A7 /* Setting */ = {
			isa = PBXGroup;
			children = (
				0791AB301AE8B7DD0009A5A7 /* AboutViewController.h */,
				0791AB311AE8B7DD0009A5A7 /* AboutViewController.m */,
				0791AB321AE8B7DD0009A5A7 /* AboutViewController.xib */,
			);
			path = Setting;
			sourceTree = "<group>";
		};
		0791AB351AE8CF4C0009A5A7 /* EGOCache */ = {
			isa = PBXGroup;
			children = (
				0791AB361AE8CF4C0009A5A7 /* EGOCache.h */,
				0791AB371AE8CF4C0009A5A7 /* EGOCache.m */,
			);
			path = EGOCache;
			sourceTree = "<group>";
		};
		0791AB3C1AE8DE260009A5A7 /* AFNetworking */ = {
			isa = PBXGroup;
			children = (
				0791AB3D1AE8DE260009A5A7 /* AFHTTPRequestOperation.h */,
				0791AB3E1AE8DE260009A5A7 /* AFHTTPRequestOperation.m */,
				0791AB3F1AE8DE260009A5A7 /* AFHTTPRequestOperationManager.h */,
				0791AB401AE8DE260009A5A7 /* AFHTTPRequestOperationManager.m */,
				0791AB411AE8DE260009A5A7 /* AFHTTPSessionManager.h */,
				0791AB421AE8DE260009A5A7 /* AFHTTPSessionManager.m */,
				0791AB431AE8DE260009A5A7 /* AFNetworking.h */,
				0791AB441AE8DE260009A5A7 /* AFNetworkReachabilityManager.h */,
				0791AB451AE8DE260009A5A7 /* AFNetworkReachabilityManager.m */,
				0791AB461AE8DE260009A5A7 /* AFSecurityPolicy.h */,
				0791AB471AE8DE260009A5A7 /* AFSecurityPolicy.m */,
				0791AB481AE8DE260009A5A7 /* AFURLConnectionOperation.h */,
				0791AB491AE8DE260009A5A7 /* AFURLConnectionOperation.m */,
				0791AB4A1AE8DE260009A5A7 /* AFURLRequestSerialization.h */,
				0791AB4B1AE8DE260009A5A7 /* AFURLRequestSerialization.m */,
				0791AB4C1AE8DE260009A5A7 /* AFURLResponseSerialization.h */,
				0791AB4D1AE8DE260009A5A7 /* AFURLResponseSerialization.m */,
				0791AB4E1AE8DE260009A5A7 /* AFURLSessionManager.h */,
				0791AB4F1AE8DE260009A5A7 /* AFURLSessionManager.m */,
			);
			path = AFNetworking;
			sourceTree = "<group>";
		};
		0791AB501AE8DE260009A5A7 /* HQ */ = {
			isa = PBXGroup;
			children = (
				0791AB511AE8DE260009A5A7 /* QHQnetworkingTool.h */,
				0791AB521AE8DE260009A5A7 /* QHQnetworkingTool.m */,
				0791AB531AE8DE260009A5A7 /* UIImage+HQ.h */,
				0791AB541AE8DE260009A5A7 /* UIImage+HQ.m */,
			);
			path = HQ;
			sourceTree = "<group>";
		};
/* End PBXGroup section */

/* Begin PBXNativeTarget section */
		073DBCDB1AE7492A009B49EB /* WangYu */ = {
			isa = PBXNativeTarget;
			buildConfigurationList = 073DBCFF1AE7492A009B49EB /* Build configuration list for PBXNativeTarget "WangYu" */;
			buildPhases = (
				073DBCD81AE7492A009B49EB /* Sources */,
				073DBCD91AE7492A009B49EB /* Frameworks */,
				073DBCDA1AE7492A009B49EB /* Resources */,
			);
			buildRules = (
			);
			dependencies = (
			);
			name = WangYu;
			productName = WangYu;
			productReference = 073DBCDC1AE7492A009B49EB /* WangYu.app */;
			productType = "com.apple.product-type.application";
		};
		073DBCF41AE7492A009B49EB /* WangYuTests */ = {
			isa = PBXNativeTarget;
			buildConfigurationList = 073DBD021AE7492A009B49EB /* Build configuration list for PBXNativeTarget "WangYuTests" */;
			buildPhases = (
				073DBCF11AE7492A009B49EB /* Sources */,
				073DBCF21AE7492A009B49EB /* Frameworks */,
				073DBCF31AE7492A009B49EB /* Resources */,
			);
			buildRules = (
			);
			dependencies = (
				073DBCF71AE7492A009B49EB /* PBXTargetDependency */,
			);
			name = WangYuTests;
			productName = WangYuTests;
			productReference = 073DBCF51AE7492A009B49EB /* WangYuTests.xctest */;
			productType = "com.apple.product-type.bundle.unit-test";
		};
/* End PBXNativeTarget section */

/* Begin PBXProject section */
		073DBCD41AE7492A009B49EB /* Project object */ = {
			isa = PBXProject;
			attributes = {
				LastUpgradeCheck = 0630;
				ORGANIZATIONNAME = KID;
				TargetAttributes = {
					073DBCDB1AE7492A009B49EB = {
						CreatedOnToolsVersion = 6.3;
					};
					073DBCF41AE7492A009B49EB = {
						CreatedOnToolsVersion = 6.3;
						TestTargetID = 073DBCDB1AE7492A009B49EB;
					};
				};
			};
			buildConfigurationList = 073DBCD71AE7492A009B49EB /* Build configuration list for PBXProject "WangYu" */;
			compatibilityVersion = "Xcode 3.2";
			developmentRegion = English;
			hasScannedForEncodings = 0;
			knownRegions = (
				en,
				Base,
			);
			mainGroup = 073DBCD31AE7492A009B49EB;
			productRefGroup = 073DBCDD1AE7492A009B49EB /* Products */;
			projectDirPath = "";
			projectRoot = "";
			targets = (
				073DBCDB1AE7492A009B49EB /* WangYu */,
				073DBCF41AE7492A009B49EB /* WangYuTests */,
			);
		};
/* End PBXProject section */

/* Begin PBXResourcesBuildPhase section */
		073DBCDA1AE7492A009B49EB /* Resources */ = {
			isa = PBXResourcesBuildPhase;
			buildActionMask = 2147483647;
			files = (
				0791AB201AE899D10009A5A7 /* WYTitleNavBarView.xib in Resources */,
				0791AB0F1AE897EA0009A5A7 /* WYTabBarView.xib in Resources */,
				073DBCEB1AE7492A009B49EB /* Main.storyboard in Resources */,
				073DBD811AE77A3C009B49EB /* MineTabViewController.xib in Resources */,
				0791AB341AE8B7DD0009A5A7 /* AboutViewController.xib in Resources */,
				0791AB0A1AE88AB10009A5A7 /* WYTabBarItemView.xib in Resources */,
				073DBCF01AE7492A009B49EB /* LaunchScreen.xib in Resources */,
				073DBCED1AE7492A009B49EB /* Images.xcassets in Resources */,
				07203A0F1AF1CE460056A74B /* NetbarTabViewController.xib in Resources */,
				07203A151AF1D63B0056A74B /* NetbarTabCell.xib in Resources */,
				073DBDB41AE794C4009B49EB /* arrow.png in Resources */,
				073DBDB51AE794C4009B49EB /* arrow@2x.png in Resources */,
				07203A1A1AF1FE8C0056A74B /* dqw3.otf in Resources */,
			);
			runOnlyForDeploymentPostprocessing = 0;
		};
		073DBCF31AE7492A009B49EB /* Resources */ = {
			isa = PBXResourcesBuildPhase;
			buildActionMask = 2147483647;
			files = (
			);
			runOnlyForDeploymentPostprocessing = 0;
		};
/* End PBXResourcesBuildPhase section */

/* Begin PBXSourcesBuildPhase section */
		073DBCD81AE7492A009B49EB /* Sources */ = {
			isa = PBXSourcesBuildPhase;
			buildActionMask = 2147483647;
			files = (
				0791AB551AE8DE260009A5A7 /* AFHTTPRequestOperation.m in Sources */,
				073DBCE81AE7492A009B49EB /* ViewController.m in Sources */,
				073DBD4A1AE7712F009B49EB /* SDWebImageManager.m in Sources */,
				073DBD741AE778CF009B49EB /* WYUserInfo.m in Sources */,
				078EDBDE1AEF1EF800E93EE8 /* ASINetworkQueue.m in Sources */,
				0791AB5A1AE8DE260009A5A7 /* AFURLConnectionOperation.m in Sources */,
				073DBD611AE7717D009B49EB /* NSDictionary+ObjectForKey.m in Sources */,
				073DBD631AE7717D009B49EB /* PathHelper.m in Sources */,
				0790494D1AEA236100E46795 /* WYService.m in Sources */,
				078EDBD91AEF1EF800E93EE8 /* ASIDataDecompressor.m in Sources */,
				0790493E1AE9DF3000E46795 /* WYOAuthStore.m in Sources */,
				0791AB1F1AE899D10009A5A7 /* WYTitleNavBarView.m in Sources */,
				078EDBDD1AEF1EF800E93EE8 /* ASIInputStream.m in Sources */,
				073DBDF71AE7A1B0009B49EB /* UIImage+RoundedCorner.m in Sources */,
				0791AB2D1AE89B960009A5A7 /* WYActionSheet.m in Sources */,
				073DBD451AE7712F009B49EB /* SDImageCache.m in Sources */,
				078EDBDA1AEF1EF800E93EE8 /* ASIDownloadCache.m in Sources */,
				073DBD661AE7717D009B49EB /* URLHelper.m in Sources */,
				073DBD6D1AE771AC009B49EB /* JSONKit.m in Sources */,
				073DBD491AE7712F009B49EB /* SDWebImageDownloaderOperation.m in Sources */,
				073DBD521AE7712F009B49EB /* UIView+WebCacheOperation.m in Sources */,
				0791AB1E1AE899D10009A5A7 /* WYSuperViewController.m in Sources */,
				073DBD711AE77211009B49EB /* HotUpButton.m in Sources */,
				073DBD651AE7717D009B49EB /* UIImage+ProportionalFill.m in Sources */,
				0791AB121AE898550009A5A7 /* WYCommonVcTransition.m in Sources */,
				0791AB5B1AE8DE260009A5A7 /* AFURLRequestSerialization.m in Sources */,
				073DBCE51AE7492A009B49EB /* AppDelegate.m in Sources */,
				0791AB0E1AE897EA0009A5A7 /* WYTabBarView.m in Sources */,
				073DBD4C1AE7712F009B49EB /* UIButton+WebCache.m in Sources */,
				0791AB571AE8DE260009A5A7 /* AFHTTPSessionManager.m in Sources */,
				0791AB2E1AE89B960009A5A7 /* WYAlertView.m in Sources */,
				078EDBDC1AEF1EF800E93EE8 /* ASIHTTPRequest.m in Sources */,
				073DBD441AE7712F009B49EB /* NSData+ImageContentType.m in Sources */,
				073DBD4B1AE7712F009B49EB /* SDWebImagePrefetcher.m in Sources */,
				07203A141AF1D63B0056A74B /* NetbarTabCell.m in Sources */,
				073DBD771AE77929009B49EB /* WYEngine.m in Sources */,
				078EDBD81AEF1EF800E93EE8 /* ASIDataCompressor.m in Sources */,
				0791AB5F1AE8DE260009A5A7 /* UIImage+HQ.m in Sources */,
				0791AB381AE8CF4C0009A5A7 /* EGOCache.m in Sources */,
				0791AB331AE8B7DD0009A5A7 /* AboutViewController.m in Sources */,
				0791AB591AE8DE260009A5A7 /* AFSecurityPolicy.m in Sources */,
				0791AB561AE8DE260009A5A7 /* AFHTTPRequestOperationManager.m in Sources */,
				073DBD481AE7712F009B49EB /* SDWebImageDownloader.m in Sources */,
				073DBDA91AE7939C009B49EB /* WYCommonUtils.m in Sources */,
				078EDBDF1AEF1EF800E93EE8 /* LSReachability.m in Sources */,
				0791AB151AE898DA0009A5A7 /* WYNavigationController.m in Sources */,
				073DBD4F1AE7712F009B49EB /* UIImage+WebP.m in Sources */,
				073DBDF61AE7A1B0009B49EB /* UIImage+Resize.m in Sources */,
				073DBDAC1AE79457009B49EB /* WYUIUtils.m in Sources */,
				073DBD511AE7712F009B49EB /* UIImageView+WebCache.m in Sources */,
				079049461AEA15EB00E46795 /* WYQuery.m in Sources */,
				073DBD471AE7712F009B49EB /* SDWebImageDecoder.m in Sources */,
				0791AB5E1AE8DE260009A5A7 /* QHQnetworkingTool.m in Sources */,
				073DBD431AE7712F009B49EB /* NSData+GIF.m in Sources */,
				073DBD461AE7712F009B49EB /* SDWebImageCompat.m in Sources */,
				073DBCE21AE7492A009B49EB /* main.m in Sources */,
				0790494A1AEA226B00E46795 /* NSData+Base64.m in Sources */,
				07203A0E1AF1CE460056A74B /* NetbarTabViewController.m in Sources */,
				073DBDF81AE7A1B0009B49EB /* UIImageExtras.m in Sources */,
				073DBDB71AE794C4009B49EB /* PullToRefreshView.m in Sources */,
				0791AB5D1AE8DE260009A5A7 /* AFURLSessionManager.m in Sources */,
				078EDBD71AEF1EF800E93EE8 /* ASIAuthenticationDialog.m in Sources */,
				0791AB581AE8DE260009A5A7 /* AFNetworkReachabilityManager.m in Sources */,
				0791AB3B1AE8D8600009A5A7 /* WYSettingConfig.m in Sources */,
				073DBD421AE7712F009B49EB /* MKAnnotationView+WebCache.m in Sources */,
				073DBD641AE7717D009B49EB /* UIColor+bit.m in Sources */,
				073DBDF51AE7A1B0009B49EB /* UIImage+Alpha.m in Sources */,
				073DBD4E1AE7712F009B49EB /* UIImage+MultiFormat.m in Sources */,
				0791AB181AE8994A0009A5A7 /* WYBaseSuperViewController.m in Sources */,
				079049501AEA28E100E46795 /* WYHttpRequest.m in Sources */,
				078EDBDB1AEF1EF800E93EE8 /* ASIFormDataRequest.m in Sources */,
				073DBD801AE77A3C009B49EB /* MineTabViewController.m in Sources */,
				0791AB051AE8889D0009A5A7 /* WYTabBarViewController.m in Sources */,
				0791AB091AE88AB10009A5A7 /* WYTabBarItemView.m in Sources */,
				073DBD7C1AE779C4009B49EB /* SuperMainViewController.m in Sources */,
				0791AB5C1AE8DE260009A5A7 /* AFURLResponseSerialization.m in Sources */,
				079049411AE9DF5A00E46795 /* WYOAuthService.m in Sources */,
				073DBD501AE7712F009B49EB /* UIImageView+HighlightedWebCache.m in Sources */,
				073DBD4D1AE7712F009B49EB /* UIImage+GIF.m in Sources */,
			);
			runOnlyForDeploymentPostprocessing = 0;
		};
		073DBCF11AE7492A009B49EB /* Sources */ = {
			isa = PBXSourcesBuildPhase;
			buildActionMask = 2147483647;
			files = (
				073DBCFC1AE7492A009B49EB /* WangYuTests.m in Sources */,
			);
			runOnlyForDeploymentPostprocessing = 0;
		};
/* End PBXSourcesBuildPhase section */

/* Begin PBXTargetDependency section */
		073DBCF71AE7492A009B49EB /* PBXTargetDependency */ = {
			isa = PBXTargetDependency;
			target = 073DBCDB1AE7492A009B49EB /* WangYu */;
			targetProxy = 073DBCF61AE7492A009B49EB /* PBXContainerItemProxy */;
		};
/* End PBXTargetDependency section */

/* Begin PBXVariantGroup section */
		073DBCE91AE7492A009B49EB /* Main.storyboard */ = {
			isa = PBXVariantGroup;
			children = (
				073DBCEA1AE7492A009B49EB /* Base */,
			);
			name = Main.storyboard;
			sourceTree = "<group>";
		};
		073DBCEE1AE7492A009B49EB /* LaunchScreen.xib */ = {
			isa = PBXVariantGroup;
			children = (
				073DBCEF1AE7492A009B49EB /* Base */,
			);
			name = LaunchScreen.xib;
			sourceTree = "<group>";
		};
/* End PBXVariantGroup section */

/* Begin XCBuildConfiguration section */
		073DBCFD1AE7492A009B49EB /* Debug */ = {
			isa = XCBuildConfiguration;
			buildSettings = {
				ALWAYS_SEARCH_USER_PATHS = NO;
				CLANG_CXX_LANGUAGE_STANDARD = "gnu++0x";
				CLANG_CXX_LIBRARY = "libc++";
				CLANG_ENABLE_MODULES = YES;
				CLANG_ENABLE_OBJC_ARC = YES;
				CLANG_WARN_BOOL_CONVERSION = YES;
				CLANG_WARN_CONSTANT_CONVERSION = YES;
				CLANG_WARN_DIRECT_OBJC_ISA_USAGE = YES_ERROR;
				CLANG_WARN_EMPTY_BODY = YES;
				CLANG_WARN_ENUM_CONVERSION = YES;
				CLANG_WARN_INT_CONVERSION = YES;
				CLANG_WARN_OBJC_ROOT_CLASS = YES_ERROR;
				CLANG_WARN_UNREACHABLE_CODE = YES;
				CLANG_WARN__DUPLICATE_METHOD_MATCH = YES;
				CODE_SIGN_IDENTITY = "iPhone Developer";
				"CODE_SIGN_IDENTITY[sdk=iphoneos*]" = "iPhone Developer";
				COPY_PHASE_STRIP = NO;
				DEBUG_INFORMATION_FORMAT = "dwarf-with-dsym";
				ENABLE_STRICT_OBJC_MSGSEND = YES;
				GCC_C_LANGUAGE_STANDARD = gnu99;
				GCC_DYNAMIC_NO_PIC = NO;
				GCC_NO_COMMON_BLOCKS = YES;
				GCC_OPTIMIZATION_LEVEL = 0;
				GCC_PREPROCESSOR_DEFINITIONS = (
					"DEBUG=1",
					"$(inherited)",
				);
				GCC_SYMBOLS_PRIVATE_EXTERN = NO;
				GCC_WARN_64_TO_32_BIT_CONVERSION = YES;
				GCC_WARN_ABOUT_RETURN_TYPE = YES_ERROR;
				GCC_WARN_UNDECLARED_SELECTOR = YES;
				GCC_WARN_UNINITIALIZED_AUTOS = YES_AGGRESSIVE;
				GCC_WARN_UNUSED_FUNCTION = YES;
				GCC_WARN_UNUSED_VARIABLE = YES;
				IPHONEOS_DEPLOYMENT_TARGET = 8.3;
				MTL_ENABLE_DEBUG_INFO = YES;
				ONLY_ACTIVE_ARCH = YES;
				SDKROOT = iphoneos;
			};
			name = Debug;
		};
		073DBCFE1AE7492A009B49EB /* Release */ = {
			isa = XCBuildConfiguration;
			buildSettings = {
				ALWAYS_SEARCH_USER_PATHS = NO;
				CLANG_CXX_LANGUAGE_STANDARD = "gnu++0x";
				CLANG_CXX_LIBRARY = "libc++";
				CLANG_ENABLE_MODULES = YES;
				CLANG_ENABLE_OBJC_ARC = YES;
				CLANG_WARN_BOOL_CONVERSION = YES;
				CLANG_WARN_CONSTANT_CONVERSION = YES;
				CLANG_WARN_DIRECT_OBJC_ISA_USAGE = YES_ERROR;
				CLANG_WARN_EMPTY_BODY = YES;
				CLANG_WARN_ENUM_CONVERSION = YES;
				CLANG_WARN_INT_CONVERSION = YES;
				CLANG_WARN_OBJC_ROOT_CLASS = YES_ERROR;
				CLANG_WARN_UNREACHABLE_CODE = YES;
				CLANG_WARN__DUPLICATE_METHOD_MATCH = YES;
				CODE_SIGN_IDENTITY = "iPhone Distribution";
				"CODE_SIGN_IDENTITY[sdk=iphoneos*]" = "iPhone Distribution";
				COPY_PHASE_STRIP = NO;
				DEBUG_INFORMATION_FORMAT = "dwarf-with-dsym";
				ENABLE_NS_ASSERTIONS = NO;
				ENABLE_STRICT_OBJC_MSGSEND = YES;
				GCC_C_LANGUAGE_STANDARD = gnu99;
				GCC_NO_COMMON_BLOCKS = YES;
				GCC_WARN_64_TO_32_BIT_CONVERSION = YES;
				GCC_WARN_ABOUT_RETURN_TYPE = YES_ERROR;
				GCC_WARN_UNDECLARED_SELECTOR = YES;
				GCC_WARN_UNINITIALIZED_AUTOS = YES_AGGRESSIVE;
				GCC_WARN_UNUSED_FUNCTION = YES;
				GCC_WARN_UNUSED_VARIABLE = YES;
				IPHONEOS_DEPLOYMENT_TARGET = 8.3;
				MTL_ENABLE_DEBUG_INFO = NO;
				SDKROOT = iphoneos;
				VALIDATE_PRODUCT = YES;
			};
			name = Release;
		};
		073DBD001AE7492A009B49EB /* Debug */ = {
			isa = XCBuildConfiguration;
			buildSettings = {
				ASSETCATALOG_COMPILER_APPICON_NAME = AppIcon;
				ASSETCATALOG_COMPILER_LAUNCHIMAGE_NAME = LaunchImage;
				CODE_SIGN_IDENTITY = "iPhone Developer";
				"CODE_SIGN_IDENTITY[sdk=iphoneos*]" = "iPhone Developer";
				FRAMEWORK_SEARCH_PATHS = "$(inherited)";
				GCC_PREFIX_HEADER = "WangYu/WangYu-Prefx.pch";
				INFOPLIST_FILE = WangYu/Info.plist;
				IPHONEOS_DEPLOYMENT_TARGET = 7.0;
				LD_RUNPATH_SEARCH_PATHS = "$(inherited) @executable_path/Frameworks";
				PRODUCT_NAME = "$(TARGET_NAME)";
				TARGETED_DEVICE_FAMILY = 1;
			};
			name = Debug;
		};
		073DBD011AE7492A009B49EB /* Release */ = {
			isa = XCBuildConfiguration;
			buildSettings = {
				ASSETCATALOG_COMPILER_APPICON_NAME = AppIcon;
				ASSETCATALOG_COMPILER_LAUNCHIMAGE_NAME = LaunchImage;
				CODE_SIGN_IDENTITY = "iPhone Distribution";
				FRAMEWORK_SEARCH_PATHS = "$(inherited)";
				GCC_PREFIX_HEADER = "WangYu/WangYu-Prefx.pch";
				INFOPLIST_FILE = WangYu/Info.plist;
				IPHONEOS_DEPLOYMENT_TARGET = 7.0;
				LD_RUNPATH_SEARCH_PATHS = "$(inherited) @executable_path/Frameworks";
				PRODUCT_NAME = "$(TARGET_NAME)";
				TARGETED_DEVICE_FAMILY = 1;
			};
			name = Release;
		};
		073DBD031AE7492A009B49EB /* Debug */ = {
			isa = XCBuildConfiguration;
			buildSettings = {
				BUNDLE_LOADER = "$(TEST_HOST)";
				FRAMEWORK_SEARCH_PATHS = (
					"$(SDKROOT)/Developer/Library/Frameworks",
					"$(inherited)",
				);
				GCC_PREPROCESSOR_DEFINITIONS = (
					"DEBUG=1",
					"$(inherited)",
				);
				INFOPLIST_FILE = WangYuTests/Info.plist;
				LD_RUNPATH_SEARCH_PATHS = "$(inherited) @executable_path/Frameworks @loader_path/Frameworks";
				PRODUCT_NAME = "$(TARGET_NAME)";
				TEST_HOST = "$(BUILT_PRODUCTS_DIR)/WangYu.app/WangYu";
			};
			name = Debug;
		};
		073DBD041AE7492A009B49EB /* Release */ = {
			isa = XCBuildConfiguration;
			buildSettings = {
				BUNDLE_LOADER = "$(TEST_HOST)";
				FRAMEWORK_SEARCH_PATHS = (
					"$(SDKROOT)/Developer/Library/Frameworks",
					"$(inherited)",
				);
				INFOPLIST_FILE = WangYuTests/Info.plist;
				LD_RUNPATH_SEARCH_PATHS = "$(inherited) @executable_path/Frameworks @loader_path/Frameworks";
				PRODUCT_NAME = "$(TARGET_NAME)";
				TEST_HOST = "$(BUILT_PRODUCTS_DIR)/WangYu.app/WangYu";
			};
			name = Release;
		};
/* End XCBuildConfiguration section */

/* Begin XCConfigurationList section */
		073DBCD71AE7492A009B49EB /* Build configuration list for PBXProject "WangYu" */ = {
			isa = XCConfigurationList;
			buildConfigurations = (
				073DBCFD1AE7492A009B49EB /* Debug */,
				073DBCFE1AE7492A009B49EB /* Release */,
			);
			defaultConfigurationIsVisible = 0;
			defaultConfigurationName = Release;
		};
		073DBCFF1AE7492A009B49EB /* Build configuration list for PBXNativeTarget "WangYu" */ = {
			isa = XCConfigurationList;
			buildConfigurations = (
				073DBD001AE7492A009B49EB /* Debug */,
				073DBD011AE7492A009B49EB /* Release */,
			);
			defaultConfigurationIsVisible = 0;
			defaultConfigurationName = Release;
		};
		073DBD021AE7492A009B49EB /* Build configuration list for PBXNativeTarget "WangYuTests" */ = {
			isa = XCConfigurationList;
			buildConfigurations = (
				073DBD031AE7492A009B49EB /* Debug */,
				073DBD041AE7492A009B49EB /* Release */,
			);
			defaultConfigurationIsVisible = 0;
			defaultConfigurationName = Release;
		};
/* End XCConfigurationList section */
	};
	rootObject = 073DBCD41AE7492A009B49EB /* Project object */;
}
